
Microsoft Visual Studio Solution File, Format Version 12.00
# Visual Studio Version 17
VisualStudioVersion = 17.0.31919.166
MinimumVisualStudioVersion = 10.0.40219.1
Project("{9A19103F-16F7-4668-BE54-9A1E7A4F7556}") = "BudgetUnderControl.Tests", "tests\BudgetUnderControl.Tests\BudgetUnderControl.Tests.csproj", "{5061A042-5EEE-4F19-9827-CBB8AC8666F6}"
EndProject
Project("{9A19103F-16F7-4668-BE54-9A1E7A4F7556}") = "BudgetUnderControl.Core.Api", "src\Services\Core\Api\BudgetUnderControl.Core.Api.csproj", "{7EAC3AFA-BB03-49F7-AE33-1E61409E534B}"
EndProject
Project("{2150E333-8FDC-42A3-9474-1A3956D46DE8}") = "Api", "Api", "{750E39CA-CCBF-43D5-A7A5-AE30F9FE11CB}"
EndProject
Project("{2150E333-8FDC-42A3-9474-1A3956D46DE8}") = "Tests", "Tests", "{4AFB0F25-7AEB-4FEA-854A-EDA241499EF0}"
EndProject
Project("{2150E333-8FDC-42A3-9474-1A3956D46DE8}") = "Modules", "Modules", "{F4E0A1C6-D90C-4927-83B1-0AC9D50FD34F}"
EndProject
Project("{2150E333-8FDC-42A3-9474-1A3956D46DE8}") = "Transactions", "Transactions", "{426E86C2-2F72-4E34-94CE-58BE2525AF83}"
EndProject
Project("{9A19103F-16F7-4668-BE54-9A1E7A4F7556}") = "BudgetUnderControl.Modules.Transactions.Application", "src\Services\Core\Modules\Transactions\Application\BudgetUnderControl.Modules.Transactions.Application.csproj", "{2C4788CC-3476-46A8-9C6F-C3CB7AE72C5E}"
EndProject
Project("{9A19103F-16F7-4668-BE54-9A1E7A4F7556}") = "BudgetUnderControl.Modules.Transactions.Infrastructure", "src\Services\Core\Modules\Transactions\Infrastructure\BudgetUnderControl.Modules.Transactions.Infrastructure.csproj", "{6C0F7C4E-5537-4732-9A73-4546F820013A}"
EndProject
Project("{9A19103F-16F7-4668-BE54-9A1E7A4F7556}") = "BudgetUnderControl.Modules.Transactions.Core", "src\Services\Core\Modules\Transactions\Core\BudgetUnderControl.Modules.Transactions.Core.csproj", "{D44E0817-46EE-40C3-9CBC-539A877461C0}"
EndProject
Project("{9A19103F-16F7-4668-BE54-9A1E7A4F7556}") = "BudgetUnderControl.Modules.Transactions.Api", "src\Services\Core\Modules\Transactions\Api\BudgetUnderControl.Modules.Transactions.Api.csproj", "{24C12647-E12A-440A-B4C9-8EB7922EEAD5}"
EndProject
Project("{2150E333-8FDC-42A3-9474-1A3956D46DE8}") = "Shared", "Shared", "{6EB40C80-306F-4ADD-9068-C8FFCE492082}"
EndProject
Project("{9A19103F-16F7-4668-BE54-9A1E7A4F7556}") = "BudgetUnderControl.Shared.Infrastructure", "src\Shared\BudgetUnderControl.Shared.Infrastructure\BudgetUnderControl.Shared.Infrastructure.csproj", "{D75C28D2-5D3F-4420-B836-D6C9F3ADA45E}"
EndProject
Project("{9A19103F-16F7-4668-BE54-9A1E7A4F7556}") = "BudgetUnderControl.Shared.Abstractions", "src\Shared\BudgetUnderControl.Shared.Abstractions\BudgetUnderControl.Shared.Abstractions.csproj", "{164CE289-0C40-4A34-A9A1-689B622E89A9}"
EndProject
Project("{2150E333-8FDC-42A3-9474-1A3956D46DE8}") = "Users", "Users", "{D2B84C2A-0AD7-4FED-8470-89A84F9B632E}"
EndProject
Project("{9A19103F-16F7-4668-BE54-9A1E7A4F7556}") = "BudgetUnderControl.Modules.Users.Api", "src\Services\Core\Modules\Users\Api\BudgetUnderControl.Modules.Users.Api.csproj", "{3A5FAA2D-DB00-4388-90A6-1EFD2E8DC1F9}"
EndProject
Project("{9A19103F-16F7-4668-BE54-9A1E7A4F7556}") = "BudgetUnderControl.Modules.Users.Application", "src\Services\Core\Modules\Users\Application\BudgetUnderControl.Modules.Users.Application.csproj", "{BDB71BDF-1859-4DD1-912B-74A6D8346E0A}"
EndProject
Project("{9A19103F-16F7-4668-BE54-9A1E7A4F7556}") = "BudgetUnderControl.Modules.Users.Domain", "src\Services\Core\Modules\Users\Domain\BudgetUnderControl.Modules.Users.Domain.csproj", "{2C3B61DE-AFAE-41F9-A4E2-0BF24537813E}"
EndProject
Project("{9A19103F-16F7-4668-BE54-9A1E7A4F7556}") = "BudgetUnderControl.Modules.Users.Infrastructure", "src\Services\Core\Modules\Users\Infrastructure\BudgetUnderControl.Modules.Users.Infrastructure.csproj", "{7C8E35AA-A81D-4BDF-A5D8-A2F01D60099C}"
EndProject
Project("{9A19103F-16F7-4668-BE54-9A1E7A4F7556}") = "BudgetUnderControl.Shared.Application", "src\Shared\BudgetUnderControl.Shared.Application\BudgetUnderControl.Shared.Application.csproj", "{FDB24904-151F-454E-BBB6-BD5E757BC095}"
EndProject
Project("{2150E333-8FDC-42A3-9474-1A3956D46DE8}") = "Notifications", "Notifications", "{4037367F-5EE0-4BFA-A8E5-74DA21DC1DE8}"
EndProject
Project("{9A19103F-16F7-4668-BE54-9A1E7A4F7556}") = "BudgetUnderControl.Modules.Notifications.Api", "src\Services\Core\Modules\Notifications\Api\BudgetUnderControl.Modules.Notifications.Api.csproj", "{B2E7C25D-4ADB-41CA-BA25-04399DB33DD0}"
EndProject
Project("{9A19103F-16F7-4668-BE54-9A1E7A4F7556}") = "BudgetUnderControl.Modules.Notifications.Core", "src\Services\Core\Modules\Notifications\Core\BudgetUnderControl.Modules.Notifications.Core.csproj", "{89291145-549C-4880-A354-1F38D370E8D2}"
EndProject
Project("{2150E333-8FDC-42A3-9474-1A3956D46DE8}") = "Files", "Files", "{D8623509-A1F8-48D1-9F33-3F3D2C8C3948}"
EndProject
Project("{9A19103F-16F7-4668-BE54-9A1E7A4F7556}") = "BudgetUnderControl.Modules.Files.Api", "src\Services\Core\Modules\Files\BudgetUnderControl.Modules.Files.Api\BudgetUnderControl.Modules.Files.Api.csproj", "{2E95E30A-71B7-4B6F-88AF-DF1CAB388598}"
EndProject
Project("{9A19103F-16F7-4668-BE54-9A1E7A4F7556}") = "BudgetUnderControl.Modules.Files.Core", "src\Services\Core\Modules\Files\Core\BudgetUnderControl.Modules.Files.Core.csproj", "{559A8F3C-73D6-438C-BF98-450A04C88268}"
EndProject
Project("{2150E333-8FDC-42A3-9474-1A3956D46DE8}") = "Exporter", "Exporter", "{2B0D72AF-E496-4899-A51B-5789AA963834}"
EndProject
Project("{9A19103F-16F7-4668-BE54-9A1E7A4F7556}") = "BudgetUnderControl.Modules.Exporter.Api", "src\Services\Core\Modules\Exporter\Api\BudgetUnderControl.Modules.Exporter.Api.csproj", "{9C480BA1-FC02-407F-B667-431FF8AFCC08}"
EndProject
Project("{2150E333-8FDC-42A3-9474-1A3956D46DE8}") = "Targets", "Targets", "{492A2756-56CB-4D0D-A59D-436C0B09758E}"
EndProject
Project("{9A19103F-16F7-4668-BE54-9A1E7A4F7556}") = "BudgetUnderControl.Modules.Exporter.Targets.Excel", "src\Services\Core\Modules\Exporter\Targets\Excel\BudgetUnderControl.Modules.Exporter.Targets.Excel.csproj", "{EE53E274-CAD3-4553-ACB9-A0411B1FAD5F}"
EndProject
Project("{9A19103F-16F7-4668-BE54-9A1E7A4F7556}") = "BudgetUnderControl.Modules.Exporter.Application", "src\Services\Core\Modules\Exporter\Application\BudgetUnderControl.Modules.Exporter.Application.csproj", "{784C699E-DA73-403F-B75B-CCD29E1F3FED}"
EndProject
Project("{9A19103F-16F7-4668-BE54-9A1E7A4F7556}") = "BudgetUnderControl.Modules.Exporter.Targets.CSV", "src\Services\Core\Modules\Exporter\Targets\CSV\BudgetUnderControl.Modules.Exporter.Targets.CSV.csproj", "{78FC0F38-F0B0-4C3A-A3E1-EFE6A6C1BE7C}"
EndProject
Project("{9A19103F-16F7-4668-BE54-9A1E7A4F7556}") = "BudgetUnderControl.Modules.Exporter.Core", "src\Services\Core\Modules\Exporter\Core\BudgetUnderControl.Modules.Exporter.Core.csproj", "{66862BAC-C8CA-4B07-8C4D-828CE0795EDD}"
EndProject
Project("{2150E333-8FDC-42A3-9474-1A3956D46DE8}") = "Services", "Services", "{9D2577D9-983B-4F0B-A485-544E0F6C3227}"
EndProject
Project("{2150E333-8FDC-42A3-9474-1A3956D46DE8}") = "Core", "Core", "{AE08D07C-DB85-4AA4-B1CD-89512AFF8D89}"
EndProject
Project("{2150E333-8FDC-42A3-9474-1A3956D46DE8}") = "Api", "Api", "{A1FA0BD1-9457-4F56-8EDF-184C49BE54D1}"
EndProject
Project("{2150E333-8FDC-42A3-9474-1A3956D46DE8}") = "Gateway", "Gateway", "{D7FC9EEE-60AD-431C-ABF1-B67F9D06465B}"
EndProject
Project("{FAE04EC0-301F-11D3-BF4B-00C04F79EFBC}") = "BUC.Gateway", "src\Api\Gateway\BUC.Gateway\BUC.Gateway.csproj", "{5BA16A41-B6CF-441C-BDA6-89FAB31E51FA}"
EndProject
Project("{2150E333-8FDC-42A3-9474-1A3956D46DE8}") = "Settings", "Settings", "{D74B7A63-35D0-4CFE-AC69-EB92D791186E}"
EndProject
Project("{FAE04EC0-301F-11D3-BF4B-00C04F79EFBC}") = "BudgetUnderControl.Settings.Api", "src\Services\Settings\Api\BudgetUnderControl.Settings.Api.csproj", "{4B261527-9163-4B77-974F-E8B720CA1DE5}"
EndProject
Project("{FAE04EC0-301F-11D3-BF4B-00C04F79EFBC}") = "BudgetUnderControl.Settings.Application", "src\Services\Settings\Application\Application\BudgetUnderControl.Settings.Application.csproj", "{92348260-3A57-41CD-A199-069A66F815FA}"
EndProject
Project("{FAE04EC0-301F-11D3-BF4B-00C04F79EFBC}") = "BudgetUnderControl.Settings.Infrastructure", "src\Services\Settings\Infrastructure\BudgetUnderControl.Settings.Infrastructure.csproj", "{3FF7CB57-E7E2-43A7-BAE9-A1085E78A077}"
EndProject
Project("{FAE04EC0-301F-11D3-BF4B-00C04F79EFBC}") = "BudgetUnderControl.Settings.Core", "src\Services\Settings\Core\BudgetUnderControl.Settings.Core.csproj", "{1A20A28F-A571-4DA5-BEFD-B9B60A031C92}"
EndProject
Global
	GlobalSection(SolutionConfigurationPlatforms) = preSolution
		Debug|Any CPU = Debug|Any CPU
		Release|Any CPU = Release|Any CPU
	EndGlobalSection
	GlobalSection(ProjectConfigurationPlatforms) = postSolution
		{5061A042-5EEE-4F19-9827-CBB8AC8666F6}.Debug|Any CPU.ActiveCfg = Debug|Any CPU
		{5061A042-5EEE-4F19-9827-CBB8AC8666F6}.Debug|Any CPU.Build.0 = Debug|Any CPU
		{5061A042-5EEE-4F19-9827-CBB8AC8666F6}.Release|Any CPU.ActiveCfg = Release|Any CPU
		{5061A042-5EEE-4F19-9827-CBB8AC8666F6}.Release|Any CPU.Build.0 = Release|Any CPU
		{7EAC3AFA-BB03-49F7-AE33-1E61409E534B}.Debug|Any CPU.ActiveCfg = Debug|Any CPU
		{7EAC3AFA-BB03-49F7-AE33-1E61409E534B}.Debug|Any CPU.Build.0 = Debug|Any CPU
		{7EAC3AFA-BB03-49F7-AE33-1E61409E534B}.Release|Any CPU.ActiveCfg = Release|Any CPU
		{7EAC3AFA-BB03-49F7-AE33-1E61409E534B}.Release|Any CPU.Build.0 = Release|Any CPU
		{2C4788CC-3476-46A8-9C6F-C3CB7AE72C5E}.Debug|Any CPU.ActiveCfg = Debug|Any CPU
		{2C4788CC-3476-46A8-9C6F-C3CB7AE72C5E}.Debug|Any CPU.Build.0 = Debug|Any CPU
		{2C4788CC-3476-46A8-9C6F-C3CB7AE72C5E}.Release|Any CPU.ActiveCfg = Release|Any CPU
		{2C4788CC-3476-46A8-9C6F-C3CB7AE72C5E}.Release|Any CPU.Build.0 = Release|Any CPU
		{6C0F7C4E-5537-4732-9A73-4546F820013A}.Debug|Any CPU.ActiveCfg = Debug|Any CPU
		{6C0F7C4E-5537-4732-9A73-4546F820013A}.Debug|Any CPU.Build.0 = Debug|Any CPU
		{6C0F7C4E-5537-4732-9A73-4546F820013A}.Release|Any CPU.ActiveCfg = Release|Any CPU
		{6C0F7C4E-5537-4732-9A73-4546F820013A}.Release|Any CPU.Build.0 = Release|Any CPU
		{D44E0817-46EE-40C3-9CBC-539A877461C0}.Debug|Any CPU.ActiveCfg = Debug|Any CPU
		{D44E0817-46EE-40C3-9CBC-539A877461C0}.Debug|Any CPU.Build.0 = Debug|Any CPU
		{D44E0817-46EE-40C3-9CBC-539A877461C0}.Release|Any CPU.ActiveCfg = Release|Any CPU
		{D44E0817-46EE-40C3-9CBC-539A877461C0}.Release|Any CPU.Build.0 = Release|Any CPU
		{24C12647-E12A-440A-B4C9-8EB7922EEAD5}.Debug|Any CPU.ActiveCfg = Debug|Any CPU
		{24C12647-E12A-440A-B4C9-8EB7922EEAD5}.Debug|Any CPU.Build.0 = Debug|Any CPU
		{24C12647-E12A-440A-B4C9-8EB7922EEAD5}.Release|Any CPU.ActiveCfg = Release|Any CPU
		{24C12647-E12A-440A-B4C9-8EB7922EEAD5}.Release|Any CPU.Build.0 = Release|Any CPU
		{D75C28D2-5D3F-4420-B836-D6C9F3ADA45E}.Debug|Any CPU.ActiveCfg = Debug|Any CPU
		{D75C28D2-5D3F-4420-B836-D6C9F3ADA45E}.Debug|Any CPU.Build.0 = Debug|Any CPU
		{D75C28D2-5D3F-4420-B836-D6C9F3ADA45E}.Release|Any CPU.ActiveCfg = Release|Any CPU
		{D75C28D2-5D3F-4420-B836-D6C9F3ADA45E}.Release|Any CPU.Build.0 = Release|Any CPU
		{164CE289-0C40-4A34-A9A1-689B622E89A9}.Debug|Any CPU.ActiveCfg = Debug|Any CPU
		{164CE289-0C40-4A34-A9A1-689B622E89A9}.Debug|Any CPU.Build.0 = Debug|Any CPU
		{164CE289-0C40-4A34-A9A1-689B622E89A9}.Release|Any CPU.ActiveCfg = Release|Any CPU
		{164CE289-0C40-4A34-A9A1-689B622E89A9}.Release|Any CPU.Build.0 = Release|Any CPU
		{3A5FAA2D-DB00-4388-90A6-1EFD2E8DC1F9}.Debug|Any CPU.ActiveCfg = Debug|Any CPU
		{3A5FAA2D-DB00-4388-90A6-1EFD2E8DC1F9}.Debug|Any CPU.Build.0 = Debug|Any CPU
		{3A5FAA2D-DB00-4388-90A6-1EFD2E8DC1F9}.Release|Any CPU.ActiveCfg = Release|Any CPU
		{3A5FAA2D-DB00-4388-90A6-1EFD2E8DC1F9}.Release|Any CPU.Build.0 = Release|Any CPU
		{BDB71BDF-1859-4DD1-912B-74A6D8346E0A}.Debug|Any CPU.ActiveCfg = Debug|Any CPU
		{BDB71BDF-1859-4DD1-912B-74A6D8346E0A}.Debug|Any CPU.Build.0 = Debug|Any CPU
		{BDB71BDF-1859-4DD1-912B-74A6D8346E0A}.Release|Any CPU.ActiveCfg = Release|Any CPU
		{BDB71BDF-1859-4DD1-912B-74A6D8346E0A}.Release|Any CPU.Build.0 = Release|Any CPU
		{2C3B61DE-AFAE-41F9-A4E2-0BF24537813E}.Debug|Any CPU.ActiveCfg = Debug|Any CPU
		{2C3B61DE-AFAE-41F9-A4E2-0BF24537813E}.Debug|Any CPU.Build.0 = Debug|Any CPU
		{2C3B61DE-AFAE-41F9-A4E2-0BF24537813E}.Release|Any CPU.ActiveCfg = Release|Any CPU
		{2C3B61DE-AFAE-41F9-A4E2-0BF24537813E}.Release|Any CPU.Build.0 = Release|Any CPU
		{7C8E35AA-A81D-4BDF-A5D8-A2F01D60099C}.Debug|Any CPU.ActiveCfg = Debug|Any CPU
		{7C8E35AA-A81D-4BDF-A5D8-A2F01D60099C}.Debug|Any CPU.Build.0 = Debug|Any CPU
		{7C8E35AA-A81D-4BDF-A5D8-A2F01D60099C}.Release|Any CPU.ActiveCfg = Release|Any CPU
		{7C8E35AA-A81D-4BDF-A5D8-A2F01D60099C}.Release|Any CPU.Build.0 = Release|Any CPU
		{FDB24904-151F-454E-BBB6-BD5E757BC095}.Debug|Any CPU.ActiveCfg = Debug|Any CPU
		{FDB24904-151F-454E-BBB6-BD5E757BC095}.Debug|Any CPU.Build.0 = Debug|Any CPU
		{FDB24904-151F-454E-BBB6-BD5E757BC095}.Release|Any CPU.ActiveCfg = Release|Any CPU
		{FDB24904-151F-454E-BBB6-BD5E757BC095}.Release|Any CPU.Build.0 = Release|Any CPU
		{B2E7C25D-4ADB-41CA-BA25-04399DB33DD0}.Debug|Any CPU.ActiveCfg = Debug|Any CPU
		{B2E7C25D-4ADB-41CA-BA25-04399DB33DD0}.Debug|Any CPU.Build.0 = Debug|Any CPU
		{B2E7C25D-4ADB-41CA-BA25-04399DB33DD0}.Release|Any CPU.ActiveCfg = Release|Any CPU
		{B2E7C25D-4ADB-41CA-BA25-04399DB33DD0}.Release|Any CPU.Build.0 = Release|Any CPU
		{89291145-549C-4880-A354-1F38D370E8D2}.Debug|Any CPU.ActiveCfg = Debug|Any CPU
		{89291145-549C-4880-A354-1F38D370E8D2}.Debug|Any CPU.Build.0 = Debug|Any CPU
		{89291145-549C-4880-A354-1F38D370E8D2}.Release|Any CPU.ActiveCfg = Release|Any CPU
		{89291145-549C-4880-A354-1F38D370E8D2}.Release|Any CPU.Build.0 = Release|Any CPU
		{2E95E30A-71B7-4B6F-88AF-DF1CAB388598}.Debug|Any CPU.ActiveCfg = Debug|Any CPU
		{2E95E30A-71B7-4B6F-88AF-DF1CAB388598}.Debug|Any CPU.Build.0 = Debug|Any CPU
		{2E95E30A-71B7-4B6F-88AF-DF1CAB388598}.Release|Any CPU.ActiveCfg = Release|Any CPU
		{2E95E30A-71B7-4B6F-88AF-DF1CAB388598}.Release|Any CPU.Build.0 = Release|Any CPU
		{559A8F3C-73D6-438C-BF98-450A04C88268}.Debug|Any CPU.ActiveCfg = Debug|Any CPU
		{559A8F3C-73D6-438C-BF98-450A04C88268}.Debug|Any CPU.Build.0 = Debug|Any CPU
		{559A8F3C-73D6-438C-BF98-450A04C88268}.Release|Any CPU.ActiveCfg = Release|Any CPU
		{559A8F3C-73D6-438C-BF98-450A04C88268}.Release|Any CPU.Build.0 = Release|Any CPU
		{9C480BA1-FC02-407F-B667-431FF8AFCC08}.Debug|Any CPU.ActiveCfg = Debug|Any CPU
		{9C480BA1-FC02-407F-B667-431FF8AFCC08}.Debug|Any CPU.Build.0 = Debug|Any CPU
		{9C480BA1-FC02-407F-B667-431FF8AFCC08}.Release|Any CPU.ActiveCfg = Release|Any CPU
		{9C480BA1-FC02-407F-B667-431FF8AFCC08}.Release|Any CPU.Build.0 = Release|Any CPU
		{EE53E274-CAD3-4553-ACB9-A0411B1FAD5F}.Debug|Any CPU.ActiveCfg = Debug|Any CPU
		{EE53E274-CAD3-4553-ACB9-A0411B1FAD5F}.Debug|Any CPU.Build.0 = Debug|Any CPU
		{EE53E274-CAD3-4553-ACB9-A0411B1FAD5F}.Release|Any CPU.ActiveCfg = Release|Any CPU
		{EE53E274-CAD3-4553-ACB9-A0411B1FAD5F}.Release|Any CPU.Build.0 = Release|Any CPU
		{784C699E-DA73-403F-B75B-CCD29E1F3FED}.Debug|Any CPU.ActiveCfg = Debug|Any CPU
		{784C699E-DA73-403F-B75B-CCD29E1F3FED}.Debug|Any CPU.Build.0 = Debug|Any CPU
		{784C699E-DA73-403F-B75B-CCD29E1F3FED}.Release|Any CPU.ActiveCfg = Release|Any CPU
		{784C699E-DA73-403F-B75B-CCD29E1F3FED}.Release|Any CPU.Build.0 = Release|Any CPU
		{78FC0F38-F0B0-4C3A-A3E1-EFE6A6C1BE7C}.Debug|Any CPU.ActiveCfg = Debug|Any CPU
		{78FC0F38-F0B0-4C3A-A3E1-EFE6A6C1BE7C}.Debug|Any CPU.Build.0 = Debug|Any CPU
		{78FC0F38-F0B0-4C3A-A3E1-EFE6A6C1BE7C}.Release|Any CPU.ActiveCfg = Release|Any CPU
		{78FC0F38-F0B0-4C3A-A3E1-EFE6A6C1BE7C}.Release|Any CPU.Build.0 = Release|Any CPU
		{66862BAC-C8CA-4B07-8C4D-828CE0795EDD}.Debug|Any CPU.ActiveCfg = Debug|Any CPU
		{66862BAC-C8CA-4B07-8C4D-828CE0795EDD}.Debug|Any CPU.Build.0 = Debug|Any CPU
		{66862BAC-C8CA-4B07-8C4D-828CE0795EDD}.Release|Any CPU.ActiveCfg = Release|Any CPU
		{66862BAC-C8CA-4B07-8C4D-828CE0795EDD}.Release|Any CPU.Build.0 = Release|Any CPU
		{5BA16A41-B6CF-441C-BDA6-89FAB31E51FA}.Debug|Any CPU.ActiveCfg = Debug|Any CPU
		{5BA16A41-B6CF-441C-BDA6-89FAB31E51FA}.Debug|Any CPU.Build.0 = Debug|Any CPU
		{5BA16A41-B6CF-441C-BDA6-89FAB31E51FA}.Release|Any CPU.ActiveCfg = Release|Any CPU
		{5BA16A41-B6CF-441C-BDA6-89FAB31E51FA}.Release|Any CPU.Build.0 = Release|Any CPU
		{4B261527-9163-4B77-974F-E8B720CA1DE5}.Debug|Any CPU.ActiveCfg = Debug|Any CPU
		{4B261527-9163-4B77-974F-E8B720CA1DE5}.Debug|Any CPU.Build.0 = Debug|Any CPU
		{4B261527-9163-4B77-974F-E8B720CA1DE5}.Release|Any CPU.ActiveCfg = Release|Any CPU
		{4B261527-9163-4B77-974F-E8B720CA1DE5}.Release|Any CPU.Build.0 = Release|Any CPU
		{92348260-3A57-41CD-A199-069A66F815FA}.Debug|Any CPU.ActiveCfg = Debug|Any CPU
		{92348260-3A57-41CD-A199-069A66F815FA}.Debug|Any CPU.Build.0 = Debug|Any CPU
		{92348260-3A57-41CD-A199-069A66F815FA}.Release|Any CPU.ActiveCfg = Release|Any CPU
		{92348260-3A57-41CD-A199-069A66F815FA}.Release|Any CPU.Build.0 = Release|Any CPU
		{3FF7CB57-E7E2-43A7-BAE9-A1085E78A077}.Debug|Any CPU.ActiveCfg = Debug|Any CPU
		{3FF7CB57-E7E2-43A7-BAE9-A1085E78A077}.Debug|Any CPU.Build.0 = Debug|Any CPU
		{3FF7CB57-E7E2-43A7-BAE9-A1085E78A077}.Release|Any CPU.ActiveCfg = Release|Any CPU
		{3FF7CB57-E7E2-43A7-BAE9-A1085E78A077}.Release|Any CPU.Build.0 = Release|Any CPU
		{1A20A28F-A571-4DA5-BEFD-B9B60A031C92}.Debug|Any CPU.ActiveCfg = Debug|Any CPU
		{1A20A28F-A571-4DA5-BEFD-B9B60A031C92}.Debug|Any CPU.Build.0 = Debug|Any CPU
		{1A20A28F-A571-4DA5-BEFD-B9B60A031C92}.Release|Any CPU.ActiveCfg = Release|Any CPU
		{1A20A28F-A571-4DA5-BEFD-B9B60A031C92}.Release|Any CPU.Build.0 = Release|Any CPU
	EndGlobalSection
	GlobalSection(SolutionProperties) = preSolution
		HideSolutionNode = FALSE
	EndGlobalSection
	GlobalSection(NestedProjects) = preSolution
		{5061A042-5EEE-4F19-9827-CBB8AC8666F6} = {4AFB0F25-7AEB-4FEA-854A-EDA241499EF0}
		{7EAC3AFA-BB03-49F7-AE33-1E61409E534B} = {750E39CA-CCBF-43D5-A7A5-AE30F9FE11CB}
		{426E86C2-2F72-4E34-94CE-58BE2525AF83} = {F4E0A1C6-D90C-4927-83B1-0AC9D50FD34F}
		{2C4788CC-3476-46A8-9C6F-C3CB7AE72C5E} = {426E86C2-2F72-4E34-94CE-58BE2525AF83}
		{6C0F7C4E-5537-4732-9A73-4546F820013A} = {426E86C2-2F72-4E34-94CE-58BE2525AF83}
		{D44E0817-46EE-40C3-9CBC-539A877461C0} = {426E86C2-2F72-4E34-94CE-58BE2525AF83}
		{24C12647-E12A-440A-B4C9-8EB7922EEAD5} = {426E86C2-2F72-4E34-94CE-58BE2525AF83}
		{D75C28D2-5D3F-4420-B836-D6C9F3ADA45E} = {6EB40C80-306F-4ADD-9068-C8FFCE492082}
		{164CE289-0C40-4A34-A9A1-689B622E89A9} = {6EB40C80-306F-4ADD-9068-C8FFCE492082}
		{D2B84C2A-0AD7-4FED-8470-89A84F9B632E} = {F4E0A1C6-D90C-4927-83B1-0AC9D50FD34F}
		{3A5FAA2D-DB00-4388-90A6-1EFD2E8DC1F9} = {D2B84C2A-0AD7-4FED-8470-89A84F9B632E}
		{BDB71BDF-1859-4DD1-912B-74A6D8346E0A} = {D2B84C2A-0AD7-4FED-8470-89A84F9B632E}
		{2C3B61DE-AFAE-41F9-A4E2-0BF24537813E} = {D2B84C2A-0AD7-4FED-8470-89A84F9B632E}
		{7C8E35AA-A81D-4BDF-A5D8-A2F01D60099C} = {D2B84C2A-0AD7-4FED-8470-89A84F9B632E}
		{FDB24904-151F-454E-BBB6-BD5E757BC095} = {6EB40C80-306F-4ADD-9068-C8FFCE492082}
		{4037367F-5EE0-4BFA-A8E5-74DA21DC1DE8} = {F4E0A1C6-D90C-4927-83B1-0AC9D50FD34F}
		{B2E7C25D-4ADB-41CA-BA25-04399DB33DD0} = {4037367F-5EE0-4BFA-A8E5-74DA21DC1DE8}
		{89291145-549C-4880-A354-1F38D370E8D2} = {4037367F-5EE0-4BFA-A8E5-74DA21DC1DE8}
		{D8623509-A1F8-48D1-9F33-3F3D2C8C3948} = {F4E0A1C6-D90C-4927-83B1-0AC9D50FD34F}
		{2E95E30A-71B7-4B6F-88AF-DF1CAB388598} = {D8623509-A1F8-48D1-9F33-3F3D2C8C3948}
		{559A8F3C-73D6-438C-BF98-450A04C88268} = {D8623509-A1F8-48D1-9F33-3F3D2C8C3948}
		{2B0D72AF-E496-4899-A51B-5789AA963834} = {F4E0A1C6-D90C-4927-83B1-0AC9D50FD34F}
		{9C480BA1-FC02-407F-B667-431FF8AFCC08} = {2B0D72AF-E496-4899-A51B-5789AA963834}
		{492A2756-56CB-4D0D-A59D-436C0B09758E} = {2B0D72AF-E496-4899-A51B-5789AA963834}
		{EE53E274-CAD3-4553-ACB9-A0411B1FAD5F} = {492A2756-56CB-4D0D-A59D-436C0B09758E}
		{784C699E-DA73-403F-B75B-CCD29E1F3FED} = {2B0D72AF-E496-4899-A51B-5789AA963834}
		{78FC0F38-F0B0-4C3A-A3E1-EFE6A6C1BE7C} = {492A2756-56CB-4D0D-A59D-436C0B09758E}
		{66862BAC-C8CA-4B07-8C4D-828CE0795EDD} = {2B0D72AF-E496-4899-A51B-5789AA963834}
		{AE08D07C-DB85-4AA4-B1CD-89512AFF8D89} = {9D2577D9-983B-4F0B-A485-544E0F6C3227}
		{F4E0A1C6-D90C-4927-83B1-0AC9D50FD34F} = {AE08D07C-DB85-4AA4-B1CD-89512AFF8D89}
		{750E39CA-CCBF-43D5-A7A5-AE30F9FE11CB} = {AE08D07C-DB85-4AA4-B1CD-89512AFF8D89}
		{D7FC9EEE-60AD-431C-ABF1-B67F9D06465B} = {A1FA0BD1-9457-4F56-8EDF-184C49BE54D1}
		{5BA16A41-B6CF-441C-BDA6-89FAB31E51FA} = {D7FC9EEE-60AD-431C-ABF1-B67F9D06465B}
		{D74B7A63-35D0-4CFE-AC69-EB92D791186E} = {9D2577D9-983B-4F0B-A485-544E0F6C3227}
		{4B261527-9163-4B77-974F-E8B720CA1DE5} = {D74B7A63-35D0-4CFE-AC69-EB92D791186E}
		{92348260-3A57-41CD-A199-069A66F815FA} = {D74B7A63-35D0-4CFE-AC69-EB92D791186E}
		{3FF7CB57-E7E2-43A7-BAE9-A1085E78A077} = {D74B7A63-35D0-4CFE-AC69-EB92D791186E}
		{1A20A28F-A571-4DA5-BEFD-B9B60A031C92} = {D74B7A63-35D0-4CFE-AC69-EB92D791186E}
	EndGlobalSection
	GlobalSection(ExtensibilityGlobals) = postSolution
		SolutionGuid = {EE3D6389-1943-4B69-A546-7298A23FA98A}
	EndGlobalSection
EndGlobal
