
Microsoft Visual Studio Solution File, Format Version 12.00
# Visual Studio Version 16
VisualStudioVersion = 16.0.29926.136
MinimumVisualStudioVersion = 10.0.40219.1
Project("{9A19103F-16F7-4668-BE54-9A1E7A4F7556}") = "BudgetUnderControl.Tests", "..\tests\BudgetUnderControl.Tests\BudgetUnderControl.Tests.csproj", "{5061A042-5EEE-4F19-9827-CBB8AC8666F6}"
EndProject
Project("{9A19103F-16F7-4668-BE54-9A1E7A4F7556}") = "BudgetUnderControl.API", "BudgetUnderControl.API\BudgetUnderControl.API.csproj", "{7EAC3AFA-BB03-49F7-AE33-1E61409E534B}"
EndProject
Project("{E53339B2-1760-4266-BCC7-CA923CBCF16C}") = "docker-compose", "docker-compose.dcproj", "{4BD57CC2-6D0D-4B40-9260-970728503282}"
EndProject
Project("{2150E333-8FDC-42A3-9474-1A3956D46DE8}") = "API", "API", "{750E39CA-CCBF-43D5-A7A5-AE30F9FE11CB}"
EndProject
Project("{2150E333-8FDC-42A3-9474-1A3956D46DE8}") = "Tests", "Tests", "{4AFB0F25-7AEB-4FEA-854A-EDA241499EF0}"
EndProject
Project("{2150E333-8FDC-42A3-9474-1A3956D46DE8}") = "Modules", "Modules", "{F4E0A1C6-D90C-4927-83B1-0AC9D50FD34F}"
EndProject
Project("{2150E333-8FDC-42A3-9474-1A3956D46DE8}") = "Transactions", "Transactions", "{426E86C2-2F72-4E34-94CE-58BE2525AF83}"
EndProject
Project("{9A19103F-16F7-4668-BE54-9A1E7A4F7556}") = "BudgetUnderControl.Modules.Transactions.Application", "Modules\Transactions\Application\BudgetUnderControl.Modules.Transactions.Application.csproj", "{2C4788CC-3476-46A8-9C6F-C3CB7AE72C5E}"
EndProject
Project("{9A19103F-16F7-4668-BE54-9A1E7A4F7556}") = "BudgetUnderControl.Modules.Transactions.Infrastructure", "Modules\Transactions\Infrastructure\BudgetUnderControl.Modules.Transactions.Infrastructure.csproj", "{6C0F7C4E-5537-4732-9A73-4546F820013A}"
EndProject
Project("{9A19103F-16F7-4668-BE54-9A1E7A4F7556}") = "BudgetUnderControl.Modules.Transactions.Core", "Modules\Transactions\Core\BudgetUnderControl.Modules.Transactions.Core.csproj", "{D44E0817-46EE-40C3-9CBC-539A877461C0}"
EndProject
Project("{9A19103F-16F7-4668-BE54-9A1E7A4F7556}") = "BudgetUnderControl.Modules.Transactions.Api", "Modules\Transactions\Api\BudgetUnderControl.Modules.Transactions.Api.csproj", "{24C12647-E12A-440A-B4C9-8EB7922EEAD5}"
EndProject
Project("{2150E333-8FDC-42A3-9474-1A3956D46DE8}") = "Shared", "Shared", "{6EB40C80-306F-4ADD-9068-C8FFCE492082}"
EndProject
Project("{9A19103F-16F7-4668-BE54-9A1E7A4F7556}") = "BudgetUnderControl.Shared.Infrastructure", "Shared\BudgetUnderControl.Shared.Infrastructure\BudgetUnderControl.Shared.Infrastructure.csproj", "{D75C28D2-5D3F-4420-B836-D6C9F3ADA45E}"
EndProject
Project("{9A19103F-16F7-4668-BE54-9A1E7A4F7556}") = "BudgetUnderControl.Shared.Abstractions", "Shared\BudgetUnderControl.Shared.Abstractions\BudgetUnderControl.Shared.Abstractions.csproj", "{164CE289-0C40-4A34-A9A1-689B622E89A9}"
EndProject
Project("{2150E333-8FDC-42A3-9474-1A3956D46DE8}") = "Users", "Users", "{D2B84C2A-0AD7-4FED-8470-89A84F9B632E}"
EndProject
Project("{9A19103F-16F7-4668-BE54-9A1E7A4F7556}") = "BudgetUnderControl.Modules.Users.Api", "Modules\Users\Api\BudgetUnderControl.Modules.Users.Api.csproj", "{3A5FAA2D-DB00-4388-90A6-1EFD2E8DC1F9}"
EndProject
Project("{9A19103F-16F7-4668-BE54-9A1E7A4F7556}") = "BudgetUnderControl.Modules.Users.Application", "Modules\Users\Application\BudgetUnderControl.Modules.Users.Application.csproj", "{BDB71BDF-1859-4DD1-912B-74A6D8346E0A}"
EndProject
Project("{9A19103F-16F7-4668-BE54-9A1E7A4F7556}") = "BudgetUnderControl.Modules.Users.Domain", "Modules\Users\Domain\BudgetUnderControl.Modules.Users.Domain.csproj", "{2C3B61DE-AFAE-41F9-A4E2-0BF24537813E}"
EndProject
Project("{9A19103F-16F7-4668-BE54-9A1E7A4F7556}") = "BudgetUnderControl.Modules.Users.Infrastructure", "Modules\Users\Infrastructure\BudgetUnderControl.Modules.Users.Infrastructure.csproj", "{7C8E35AA-A81D-4BDF-A5D8-A2F01D60099C}"
EndProject
Project("{9A19103F-16F7-4668-BE54-9A1E7A4F7556}") = "BudgetUnderControl.Shared.Application", "Shared\BudgetUnderControl.Shared.Application\BudgetUnderControl.Shared.Application.csproj", "{FDB24904-151F-454E-BBB6-BD5E757BC095}"
EndProject
Project("{2150E333-8FDC-42A3-9474-1A3956D46DE8}") = "Notifications", "Notifications", "{4037367F-5EE0-4BFA-A8E5-74DA21DC1DE8}"
EndProject
Project("{FAE04EC0-301F-11D3-BF4B-00C04F79EFBC}") = "BudgetUnderControl.Modules.Notifications.Api", "Modules\Notifications\Api\BudgetUnderControl.Modules.Notifications.Api.csproj", "{B2E7C25D-4ADB-41CA-BA25-04399DB33DD0}"
EndProject
Project("{FAE04EC0-301F-11D3-BF4B-00C04F79EFBC}") = "BudgetUnderControl.Modules.Notifications.Core", "Modules\Notifications\Core\BudgetUnderControl.Modules.Notifications.Core.csproj", "{89291145-549C-4880-A354-1F38D370E8D2}"
EndProject
Project("{2150E333-8FDC-42A3-9474-1A3956D46DE8}") = "Files", "Files", "{D8623509-A1F8-48D1-9F33-3F3D2C8C3948}"
EndProject
Project("{FAE04EC0-301F-11D3-BF4B-00C04F79EFBC}") = "BudgetUnderControl.Modules.Files.Api", "Modules\Files\BudgetUnderControl.Modules.Files.Api\BudgetUnderControl.Modules.Files.Api.csproj", "{2E95E30A-71B7-4B6F-88AF-DF1CAB388598}"
EndProject
Project("{FAE04EC0-301F-11D3-BF4B-00C04F79EFBC}") = "BudgetUnderControl.Modules.Files.Core", "Modules\Files\Core\BudgetUnderControl.Modules.Files.Core.csproj", "{559A8F3C-73D6-438C-BF98-450A04C88268}"
EndProject
Global
	GlobalSection(SolutionConfigurationPlatforms) = preSolution
		Ad-Hoc|Any CPU = Ad-Hoc|Any CPU
		Ad-Hoc|iPhone = Ad-Hoc|iPhone
		Ad-Hoc|iPhoneSimulator = Ad-Hoc|iPhoneSimulator
		AppStore|Any CPU = AppStore|Any CPU
		AppStore|iPhone = AppStore|iPhone
		AppStore|iPhoneSimulator = AppStore|iPhoneSimulator
		Debug|Any CPU = Debug|Any CPU
		Debug|iPhone = Debug|iPhone
		Debug|iPhoneSimulator = Debug|iPhoneSimulator
		Release|Any CPU = Release|Any CPU
		Release|iPhone = Release|iPhone
		Release|iPhoneSimulator = Release|iPhoneSimulator
	EndGlobalSection
	GlobalSection(ProjectConfigurationPlatforms) = postSolution
		{5061A042-5EEE-4F19-9827-CBB8AC8666F6}.Ad-Hoc|Any CPU.ActiveCfg = Debug|Any CPU
		{5061A042-5EEE-4F19-9827-CBB8AC8666F6}.Ad-Hoc|Any CPU.Build.0 = Debug|Any CPU
		{5061A042-5EEE-4F19-9827-CBB8AC8666F6}.Ad-Hoc|iPhone.ActiveCfg = Debug|Any CPU
		{5061A042-5EEE-4F19-9827-CBB8AC8666F6}.Ad-Hoc|iPhone.Build.0 = Debug|Any CPU
		{5061A042-5EEE-4F19-9827-CBB8AC8666F6}.Ad-Hoc|iPhoneSimulator.ActiveCfg = Debug|Any CPU
		{5061A042-5EEE-4F19-9827-CBB8AC8666F6}.Ad-Hoc|iPhoneSimulator.Build.0 = Debug|Any CPU
		{5061A042-5EEE-4F19-9827-CBB8AC8666F6}.AppStore|Any CPU.ActiveCfg = Debug|Any CPU
		{5061A042-5EEE-4F19-9827-CBB8AC8666F6}.AppStore|Any CPU.Build.0 = Debug|Any CPU
		{5061A042-5EEE-4F19-9827-CBB8AC8666F6}.AppStore|iPhone.ActiveCfg = Debug|Any CPU
		{5061A042-5EEE-4F19-9827-CBB8AC8666F6}.AppStore|iPhone.Build.0 = Debug|Any CPU
		{5061A042-5EEE-4F19-9827-CBB8AC8666F6}.AppStore|iPhoneSimulator.ActiveCfg = Debug|Any CPU
		{5061A042-5EEE-4F19-9827-CBB8AC8666F6}.AppStore|iPhoneSimulator.Build.0 = Debug|Any CPU
		{5061A042-5EEE-4F19-9827-CBB8AC8666F6}.Debug|Any CPU.ActiveCfg = Debug|Any CPU
		{5061A042-5EEE-4F19-9827-CBB8AC8666F6}.Debug|Any CPU.Build.0 = Debug|Any CPU
		{5061A042-5EEE-4F19-9827-CBB8AC8666F6}.Debug|iPhone.ActiveCfg = Debug|Any CPU
		{5061A042-5EEE-4F19-9827-CBB8AC8666F6}.Debug|iPhone.Build.0 = Debug|Any CPU
		{5061A042-5EEE-4F19-9827-CBB8AC8666F6}.Debug|iPhoneSimulator.ActiveCfg = Debug|Any CPU
		{5061A042-5EEE-4F19-9827-CBB8AC8666F6}.Debug|iPhoneSimulator.Build.0 = Debug|Any CPU
		{5061A042-5EEE-4F19-9827-CBB8AC8666F6}.Release|Any CPU.ActiveCfg = Release|Any CPU
		{5061A042-5EEE-4F19-9827-CBB8AC8666F6}.Release|Any CPU.Build.0 = Release|Any CPU
		{5061A042-5EEE-4F19-9827-CBB8AC8666F6}.Release|iPhone.ActiveCfg = Release|Any CPU
		{5061A042-5EEE-4F19-9827-CBB8AC8666F6}.Release|iPhone.Build.0 = Release|Any CPU
		{5061A042-5EEE-4F19-9827-CBB8AC8666F6}.Release|iPhoneSimulator.ActiveCfg = Release|Any CPU
		{5061A042-5EEE-4F19-9827-CBB8AC8666F6}.Release|iPhoneSimulator.Build.0 = Release|Any CPU
		{7EAC3AFA-BB03-49F7-AE33-1E61409E534B}.Ad-Hoc|Any CPU.ActiveCfg = Debug|Any CPU
		{7EAC3AFA-BB03-49F7-AE33-1E61409E534B}.Ad-Hoc|Any CPU.Build.0 = Debug|Any CPU
		{7EAC3AFA-BB03-49F7-AE33-1E61409E534B}.Ad-Hoc|iPhone.ActiveCfg = Debug|Any CPU
		{7EAC3AFA-BB03-49F7-AE33-1E61409E534B}.Ad-Hoc|iPhone.Build.0 = Debug|Any CPU
		{7EAC3AFA-BB03-49F7-AE33-1E61409E534B}.Ad-Hoc|iPhoneSimulator.ActiveCfg = Debug|Any CPU
		{7EAC3AFA-BB03-49F7-AE33-1E61409E534B}.Ad-Hoc|iPhoneSimulator.Build.0 = Debug|Any CPU
		{7EAC3AFA-BB03-49F7-AE33-1E61409E534B}.AppStore|Any CPU.ActiveCfg = Debug|Any CPU
		{7EAC3AFA-BB03-49F7-AE33-1E61409E534B}.AppStore|Any CPU.Build.0 = Debug|Any CPU
		{7EAC3AFA-BB03-49F7-AE33-1E61409E534B}.AppStore|iPhone.ActiveCfg = Debug|Any CPU
		{7EAC3AFA-BB03-49F7-AE33-1E61409E534B}.AppStore|iPhone.Build.0 = Debug|Any CPU
		{7EAC3AFA-BB03-49F7-AE33-1E61409E534B}.AppStore|iPhoneSimulator.ActiveCfg = Debug|Any CPU
		{7EAC3AFA-BB03-49F7-AE33-1E61409E534B}.AppStore|iPhoneSimulator.Build.0 = Debug|Any CPU
		{7EAC3AFA-BB03-49F7-AE33-1E61409E534B}.Debug|Any CPU.ActiveCfg = Debug|Any CPU
		{7EAC3AFA-BB03-49F7-AE33-1E61409E534B}.Debug|Any CPU.Build.0 = Debug|Any CPU
		{7EAC3AFA-BB03-49F7-AE33-1E61409E534B}.Debug|iPhone.ActiveCfg = Debug|Any CPU
		{7EAC3AFA-BB03-49F7-AE33-1E61409E534B}.Debug|iPhone.Build.0 = Debug|Any CPU
		{7EAC3AFA-BB03-49F7-AE33-1E61409E534B}.Debug|iPhoneSimulator.ActiveCfg = Debug|Any CPU
		{7EAC3AFA-BB03-49F7-AE33-1E61409E534B}.Debug|iPhoneSimulator.Build.0 = Debug|Any CPU
		{7EAC3AFA-BB03-49F7-AE33-1E61409E534B}.Release|Any CPU.ActiveCfg = Release|Any CPU
		{7EAC3AFA-BB03-49F7-AE33-1E61409E534B}.Release|Any CPU.Build.0 = Release|Any CPU
		{7EAC3AFA-BB03-49F7-AE33-1E61409E534B}.Release|iPhone.ActiveCfg = Release|Any CPU
		{7EAC3AFA-BB03-49F7-AE33-1E61409E534B}.Release|iPhone.Build.0 = Release|Any CPU
		{7EAC3AFA-BB03-49F7-AE33-1E61409E534B}.Release|iPhoneSimulator.ActiveCfg = Release|Any CPU
		{7EAC3AFA-BB03-49F7-AE33-1E61409E534B}.Release|iPhoneSimulator.Build.0 = Release|Any CPU
		{4BD57CC2-6D0D-4B40-9260-970728503282}.Ad-Hoc|Any CPU.ActiveCfg = Debug|Any CPU
		{4BD57CC2-6D0D-4B40-9260-970728503282}.Ad-Hoc|Any CPU.Build.0 = Debug|Any CPU
		{4BD57CC2-6D0D-4B40-9260-970728503282}.Ad-Hoc|iPhone.ActiveCfg = Debug|Any CPU
		{4BD57CC2-6D0D-4B40-9260-970728503282}.Ad-Hoc|iPhone.Build.0 = Debug|Any CPU
		{4BD57CC2-6D0D-4B40-9260-970728503282}.Ad-Hoc|iPhoneSimulator.ActiveCfg = Debug|Any CPU
		{4BD57CC2-6D0D-4B40-9260-970728503282}.Ad-Hoc|iPhoneSimulator.Build.0 = Debug|Any CPU
		{4BD57CC2-6D0D-4B40-9260-970728503282}.AppStore|Any CPU.ActiveCfg = Debug|Any CPU
		{4BD57CC2-6D0D-4B40-9260-970728503282}.AppStore|Any CPU.Build.0 = Debug|Any CPU
		{4BD57CC2-6D0D-4B40-9260-970728503282}.AppStore|iPhone.ActiveCfg = Debug|Any CPU
		{4BD57CC2-6D0D-4B40-9260-970728503282}.AppStore|iPhone.Build.0 = Debug|Any CPU
		{4BD57CC2-6D0D-4B40-9260-970728503282}.AppStore|iPhoneSimulator.ActiveCfg = Debug|Any CPU
		{4BD57CC2-6D0D-4B40-9260-970728503282}.AppStore|iPhoneSimulator.Build.0 = Debug|Any CPU
		{4BD57CC2-6D0D-4B40-9260-970728503282}.Debug|Any CPU.ActiveCfg = Debug|Any CPU
		{4BD57CC2-6D0D-4B40-9260-970728503282}.Debug|Any CPU.Build.0 = Debug|Any CPU
		{4BD57CC2-6D0D-4B40-9260-970728503282}.Debug|iPhone.ActiveCfg = Debug|Any CPU
		{4BD57CC2-6D0D-4B40-9260-970728503282}.Debug|iPhone.Build.0 = Debug|Any CPU
		{4BD57CC2-6D0D-4B40-9260-970728503282}.Debug|iPhoneSimulator.ActiveCfg = Debug|Any CPU
		{4BD57CC2-6D0D-4B40-9260-970728503282}.Debug|iPhoneSimulator.Build.0 = Debug|Any CPU
		{4BD57CC2-6D0D-4B40-9260-970728503282}.Release|Any CPU.ActiveCfg = Release|Any CPU
		{4BD57CC2-6D0D-4B40-9260-970728503282}.Release|Any CPU.Build.0 = Release|Any CPU
		{4BD57CC2-6D0D-4B40-9260-970728503282}.Release|iPhone.ActiveCfg = Release|Any CPU
		{4BD57CC2-6D0D-4B40-9260-970728503282}.Release|iPhone.Build.0 = Release|Any CPU
		{4BD57CC2-6D0D-4B40-9260-970728503282}.Release|iPhoneSimulator.ActiveCfg = Release|Any CPU
		{4BD57CC2-6D0D-4B40-9260-970728503282}.Release|iPhoneSimulator.Build.0 = Release|Any CPU
		{2C4788CC-3476-46A8-9C6F-C3CB7AE72C5E}.Ad-Hoc|Any CPU.ActiveCfg = Debug|Any CPU
		{2C4788CC-3476-46A8-9C6F-C3CB7AE72C5E}.Ad-Hoc|Any CPU.Build.0 = Debug|Any CPU
		{2C4788CC-3476-46A8-9C6F-C3CB7AE72C5E}.Ad-Hoc|iPhone.ActiveCfg = Debug|Any CPU
		{2C4788CC-3476-46A8-9C6F-C3CB7AE72C5E}.Ad-Hoc|iPhone.Build.0 = Debug|Any CPU
		{2C4788CC-3476-46A8-9C6F-C3CB7AE72C5E}.Ad-Hoc|iPhoneSimulator.ActiveCfg = Debug|Any CPU
		{2C4788CC-3476-46A8-9C6F-C3CB7AE72C5E}.Ad-Hoc|iPhoneSimulator.Build.0 = Debug|Any CPU
		{2C4788CC-3476-46A8-9C6F-C3CB7AE72C5E}.AppStore|Any CPU.ActiveCfg = Debug|Any CPU
		{2C4788CC-3476-46A8-9C6F-C3CB7AE72C5E}.AppStore|Any CPU.Build.0 = Debug|Any CPU
		{2C4788CC-3476-46A8-9C6F-C3CB7AE72C5E}.AppStore|iPhone.ActiveCfg = Debug|Any CPU
		{2C4788CC-3476-46A8-9C6F-C3CB7AE72C5E}.AppStore|iPhone.Build.0 = Debug|Any CPU
		{2C4788CC-3476-46A8-9C6F-C3CB7AE72C5E}.AppStore|iPhoneSimulator.ActiveCfg = Debug|Any CPU
		{2C4788CC-3476-46A8-9C6F-C3CB7AE72C5E}.AppStore|iPhoneSimulator.Build.0 = Debug|Any CPU
		{2C4788CC-3476-46A8-9C6F-C3CB7AE72C5E}.Debug|Any CPU.ActiveCfg = Debug|Any CPU
		{2C4788CC-3476-46A8-9C6F-C3CB7AE72C5E}.Debug|Any CPU.Build.0 = Debug|Any CPU
		{2C4788CC-3476-46A8-9C6F-C3CB7AE72C5E}.Debug|iPhone.ActiveCfg = Debug|Any CPU
		{2C4788CC-3476-46A8-9C6F-C3CB7AE72C5E}.Debug|iPhone.Build.0 = Debug|Any CPU
		{2C4788CC-3476-46A8-9C6F-C3CB7AE72C5E}.Debug|iPhoneSimulator.ActiveCfg = Debug|Any CPU
		{2C4788CC-3476-46A8-9C6F-C3CB7AE72C5E}.Debug|iPhoneSimulator.Build.0 = Debug|Any CPU
		{2C4788CC-3476-46A8-9C6F-C3CB7AE72C5E}.Release|Any CPU.ActiveCfg = Release|Any CPU
		{2C4788CC-3476-46A8-9C6F-C3CB7AE72C5E}.Release|Any CPU.Build.0 = Release|Any CPU
		{2C4788CC-3476-46A8-9C6F-C3CB7AE72C5E}.Release|iPhone.ActiveCfg = Release|Any CPU
		{2C4788CC-3476-46A8-9C6F-C3CB7AE72C5E}.Release|iPhone.Build.0 = Release|Any CPU
		{2C4788CC-3476-46A8-9C6F-C3CB7AE72C5E}.Release|iPhoneSimulator.ActiveCfg = Release|Any CPU
		{2C4788CC-3476-46A8-9C6F-C3CB7AE72C5E}.Release|iPhoneSimulator.Build.0 = Release|Any CPU
		{6C0F7C4E-5537-4732-9A73-4546F820013A}.Ad-Hoc|Any CPU.ActiveCfg = Debug|Any CPU
		{6C0F7C4E-5537-4732-9A73-4546F820013A}.Ad-Hoc|Any CPU.Build.0 = Debug|Any CPU
		{6C0F7C4E-5537-4732-9A73-4546F820013A}.Ad-Hoc|iPhone.ActiveCfg = Debug|Any CPU
		{6C0F7C4E-5537-4732-9A73-4546F820013A}.Ad-Hoc|iPhone.Build.0 = Debug|Any CPU
		{6C0F7C4E-5537-4732-9A73-4546F820013A}.Ad-Hoc|iPhoneSimulator.ActiveCfg = Debug|Any CPU
		{6C0F7C4E-5537-4732-9A73-4546F820013A}.Ad-Hoc|iPhoneSimulator.Build.0 = Debug|Any CPU
		{6C0F7C4E-5537-4732-9A73-4546F820013A}.AppStore|Any CPU.ActiveCfg = Debug|Any CPU
		{6C0F7C4E-5537-4732-9A73-4546F820013A}.AppStore|Any CPU.Build.0 = Debug|Any CPU
		{6C0F7C4E-5537-4732-9A73-4546F820013A}.AppStore|iPhone.ActiveCfg = Debug|Any CPU
		{6C0F7C4E-5537-4732-9A73-4546F820013A}.AppStore|iPhone.Build.0 = Debug|Any CPU
		{6C0F7C4E-5537-4732-9A73-4546F820013A}.AppStore|iPhoneSimulator.ActiveCfg = Debug|Any CPU
		{6C0F7C4E-5537-4732-9A73-4546F820013A}.AppStore|iPhoneSimulator.Build.0 = Debug|Any CPU
		{6C0F7C4E-5537-4732-9A73-4546F820013A}.Debug|Any CPU.ActiveCfg = Debug|Any CPU
		{6C0F7C4E-5537-4732-9A73-4546F820013A}.Debug|Any CPU.Build.0 = Debug|Any CPU
		{6C0F7C4E-5537-4732-9A73-4546F820013A}.Debug|iPhone.ActiveCfg = Debug|Any CPU
		{6C0F7C4E-5537-4732-9A73-4546F820013A}.Debug|iPhone.Build.0 = Debug|Any CPU
		{6C0F7C4E-5537-4732-9A73-4546F820013A}.Debug|iPhoneSimulator.ActiveCfg = Debug|Any CPU
		{6C0F7C4E-5537-4732-9A73-4546F820013A}.Debug|iPhoneSimulator.Build.0 = Debug|Any CPU
		{6C0F7C4E-5537-4732-9A73-4546F820013A}.Release|Any CPU.ActiveCfg = Release|Any CPU
		{6C0F7C4E-5537-4732-9A73-4546F820013A}.Release|Any CPU.Build.0 = Release|Any CPU
		{6C0F7C4E-5537-4732-9A73-4546F820013A}.Release|iPhone.ActiveCfg = Release|Any CPU
		{6C0F7C4E-5537-4732-9A73-4546F820013A}.Release|iPhone.Build.0 = Release|Any CPU
		{6C0F7C4E-5537-4732-9A73-4546F820013A}.Release|iPhoneSimulator.ActiveCfg = Release|Any CPU
		{6C0F7C4E-5537-4732-9A73-4546F820013A}.Release|iPhoneSimulator.Build.0 = Release|Any CPU
		{D44E0817-46EE-40C3-9CBC-539A877461C0}.Ad-Hoc|Any CPU.ActiveCfg = Debug|Any CPU
		{D44E0817-46EE-40C3-9CBC-539A877461C0}.Ad-Hoc|Any CPU.Build.0 = Debug|Any CPU
		{D44E0817-46EE-40C3-9CBC-539A877461C0}.Ad-Hoc|iPhone.ActiveCfg = Debug|Any CPU
		{D44E0817-46EE-40C3-9CBC-539A877461C0}.Ad-Hoc|iPhone.Build.0 = Debug|Any CPU
		{D44E0817-46EE-40C3-9CBC-539A877461C0}.Ad-Hoc|iPhoneSimulator.ActiveCfg = Debug|Any CPU
		{D44E0817-46EE-40C3-9CBC-539A877461C0}.Ad-Hoc|iPhoneSimulator.Build.0 = Debug|Any CPU
		{D44E0817-46EE-40C3-9CBC-539A877461C0}.AppStore|Any CPU.ActiveCfg = Debug|Any CPU
		{D44E0817-46EE-40C3-9CBC-539A877461C0}.AppStore|Any CPU.Build.0 = Debug|Any CPU
		{D44E0817-46EE-40C3-9CBC-539A877461C0}.AppStore|iPhone.ActiveCfg = Debug|Any CPU
		{D44E0817-46EE-40C3-9CBC-539A877461C0}.AppStore|iPhone.Build.0 = Debug|Any CPU
		{D44E0817-46EE-40C3-9CBC-539A877461C0}.AppStore|iPhoneSimulator.ActiveCfg = Debug|Any CPU
		{D44E0817-46EE-40C3-9CBC-539A877461C0}.AppStore|iPhoneSimulator.Build.0 = Debug|Any CPU
		{D44E0817-46EE-40C3-9CBC-539A877461C0}.Debug|Any CPU.ActiveCfg = Debug|Any CPU
		{D44E0817-46EE-40C3-9CBC-539A877461C0}.Debug|Any CPU.Build.0 = Debug|Any CPU
		{D44E0817-46EE-40C3-9CBC-539A877461C0}.Debug|iPhone.ActiveCfg = Debug|Any CPU
		{D44E0817-46EE-40C3-9CBC-539A877461C0}.Debug|iPhone.Build.0 = Debug|Any CPU
		{D44E0817-46EE-40C3-9CBC-539A877461C0}.Debug|iPhoneSimulator.ActiveCfg = Debug|Any CPU
		{D44E0817-46EE-40C3-9CBC-539A877461C0}.Debug|iPhoneSimulator.Build.0 = Debug|Any CPU
		{D44E0817-46EE-40C3-9CBC-539A877461C0}.Release|Any CPU.ActiveCfg = Release|Any CPU
		{D44E0817-46EE-40C3-9CBC-539A877461C0}.Release|Any CPU.Build.0 = Release|Any CPU
		{D44E0817-46EE-40C3-9CBC-539A877461C0}.Release|iPhone.ActiveCfg = Release|Any CPU
		{D44E0817-46EE-40C3-9CBC-539A877461C0}.Release|iPhone.Build.0 = Release|Any CPU
		{D44E0817-46EE-40C3-9CBC-539A877461C0}.Release|iPhoneSimulator.ActiveCfg = Release|Any CPU
		{D44E0817-46EE-40C3-9CBC-539A877461C0}.Release|iPhoneSimulator.Build.0 = Release|Any CPU
		{24C12647-E12A-440A-B4C9-8EB7922EEAD5}.Ad-Hoc|Any CPU.ActiveCfg = Debug|Any CPU
		{24C12647-E12A-440A-B4C9-8EB7922EEAD5}.Ad-Hoc|Any CPU.Build.0 = Debug|Any CPU
		{24C12647-E12A-440A-B4C9-8EB7922EEAD5}.Ad-Hoc|iPhone.ActiveCfg = Debug|Any CPU
		{24C12647-E12A-440A-B4C9-8EB7922EEAD5}.Ad-Hoc|iPhone.Build.0 = Debug|Any CPU
		{24C12647-E12A-440A-B4C9-8EB7922EEAD5}.Ad-Hoc|iPhoneSimulator.ActiveCfg = Debug|Any CPU
		{24C12647-E12A-440A-B4C9-8EB7922EEAD5}.Ad-Hoc|iPhoneSimulator.Build.0 = Debug|Any CPU
		{24C12647-E12A-440A-B4C9-8EB7922EEAD5}.AppStore|Any CPU.ActiveCfg = Debug|Any CPU
		{24C12647-E12A-440A-B4C9-8EB7922EEAD5}.AppStore|Any CPU.Build.0 = Debug|Any CPU
		{24C12647-E12A-440A-B4C9-8EB7922EEAD5}.AppStore|iPhone.ActiveCfg = Debug|Any CPU
		{24C12647-E12A-440A-B4C9-8EB7922EEAD5}.AppStore|iPhone.Build.0 = Debug|Any CPU
		{24C12647-E12A-440A-B4C9-8EB7922EEAD5}.AppStore|iPhoneSimulator.ActiveCfg = Debug|Any CPU
		{24C12647-E12A-440A-B4C9-8EB7922EEAD5}.AppStore|iPhoneSimulator.Build.0 = Debug|Any CPU
		{24C12647-E12A-440A-B4C9-8EB7922EEAD5}.Debug|Any CPU.ActiveCfg = Debug|Any CPU
		{24C12647-E12A-440A-B4C9-8EB7922EEAD5}.Debug|Any CPU.Build.0 = Debug|Any CPU
		{24C12647-E12A-440A-B4C9-8EB7922EEAD5}.Debug|iPhone.ActiveCfg = Debug|Any CPU
		{24C12647-E12A-440A-B4C9-8EB7922EEAD5}.Debug|iPhone.Build.0 = Debug|Any CPU
		{24C12647-E12A-440A-B4C9-8EB7922EEAD5}.Debug|iPhoneSimulator.ActiveCfg = Debug|Any CPU
		{24C12647-E12A-440A-B4C9-8EB7922EEAD5}.Debug|iPhoneSimulator.Build.0 = Debug|Any CPU
		{24C12647-E12A-440A-B4C9-8EB7922EEAD5}.Release|Any CPU.ActiveCfg = Release|Any CPU
		{24C12647-E12A-440A-B4C9-8EB7922EEAD5}.Release|Any CPU.Build.0 = Release|Any CPU
		{24C12647-E12A-440A-B4C9-8EB7922EEAD5}.Release|iPhone.ActiveCfg = Release|Any CPU
		{24C12647-E12A-440A-B4C9-8EB7922EEAD5}.Release|iPhone.Build.0 = Release|Any CPU
		{24C12647-E12A-440A-B4C9-8EB7922EEAD5}.Release|iPhoneSimulator.ActiveCfg = Release|Any CPU
		{24C12647-E12A-440A-B4C9-8EB7922EEAD5}.Release|iPhoneSimulator.Build.0 = Release|Any CPU
		{D75C28D2-5D3F-4420-B836-D6C9F3ADA45E}.Ad-Hoc|Any CPU.ActiveCfg = Debug|Any CPU
		{D75C28D2-5D3F-4420-B836-D6C9F3ADA45E}.Ad-Hoc|Any CPU.Build.0 = Debug|Any CPU
		{D75C28D2-5D3F-4420-B836-D6C9F3ADA45E}.Ad-Hoc|iPhone.ActiveCfg = Debug|Any CPU
		{D75C28D2-5D3F-4420-B836-D6C9F3ADA45E}.Ad-Hoc|iPhone.Build.0 = Debug|Any CPU
		{D75C28D2-5D3F-4420-B836-D6C9F3ADA45E}.Ad-Hoc|iPhoneSimulator.ActiveCfg = Debug|Any CPU
		{D75C28D2-5D3F-4420-B836-D6C9F3ADA45E}.Ad-Hoc|iPhoneSimulator.Build.0 = Debug|Any CPU
		{D75C28D2-5D3F-4420-B836-D6C9F3ADA45E}.AppStore|Any CPU.ActiveCfg = Debug|Any CPU
		{D75C28D2-5D3F-4420-B836-D6C9F3ADA45E}.AppStore|Any CPU.Build.0 = Debug|Any CPU
		{D75C28D2-5D3F-4420-B836-D6C9F3ADA45E}.AppStore|iPhone.ActiveCfg = Debug|Any CPU
		{D75C28D2-5D3F-4420-B836-D6C9F3ADA45E}.AppStore|iPhone.Build.0 = Debug|Any CPU
		{D75C28D2-5D3F-4420-B836-D6C9F3ADA45E}.AppStore|iPhoneSimulator.ActiveCfg = Debug|Any CPU
		{D75C28D2-5D3F-4420-B836-D6C9F3ADA45E}.AppStore|iPhoneSimulator.Build.0 = Debug|Any CPU
		{D75C28D2-5D3F-4420-B836-D6C9F3ADA45E}.Debug|Any CPU.ActiveCfg = Debug|Any CPU
		{D75C28D2-5D3F-4420-B836-D6C9F3ADA45E}.Debug|Any CPU.Build.0 = Debug|Any CPU
		{D75C28D2-5D3F-4420-B836-D6C9F3ADA45E}.Debug|iPhone.ActiveCfg = Debug|Any CPU
		{D75C28D2-5D3F-4420-B836-D6C9F3ADA45E}.Debug|iPhone.Build.0 = Debug|Any CPU
		{D75C28D2-5D3F-4420-B836-D6C9F3ADA45E}.Debug|iPhoneSimulator.ActiveCfg = Debug|Any CPU
		{D75C28D2-5D3F-4420-B836-D6C9F3ADA45E}.Debug|iPhoneSimulator.Build.0 = Debug|Any CPU
		{D75C28D2-5D3F-4420-B836-D6C9F3ADA45E}.Release|Any CPU.ActiveCfg = Release|Any CPU
		{D75C28D2-5D3F-4420-B836-D6C9F3ADA45E}.Release|Any CPU.Build.0 = Release|Any CPU
		{D75C28D2-5D3F-4420-B836-D6C9F3ADA45E}.Release|iPhone.ActiveCfg = Release|Any CPU
		{D75C28D2-5D3F-4420-B836-D6C9F3ADA45E}.Release|iPhone.Build.0 = Release|Any CPU
		{D75C28D2-5D3F-4420-B836-D6C9F3ADA45E}.Release|iPhoneSimulator.ActiveCfg = Release|Any CPU
		{D75C28D2-5D3F-4420-B836-D6C9F3ADA45E}.Release|iPhoneSimulator.Build.0 = Release|Any CPU
		{164CE289-0C40-4A34-A9A1-689B622E89A9}.Ad-Hoc|Any CPU.ActiveCfg = Debug|Any CPU
		{164CE289-0C40-4A34-A9A1-689B622E89A9}.Ad-Hoc|Any CPU.Build.0 = Debug|Any CPU
		{164CE289-0C40-4A34-A9A1-689B622E89A9}.Ad-Hoc|iPhone.ActiveCfg = Debug|Any CPU
		{164CE289-0C40-4A34-A9A1-689B622E89A9}.Ad-Hoc|iPhone.Build.0 = Debug|Any CPU
		{164CE289-0C40-4A34-A9A1-689B622E89A9}.Ad-Hoc|iPhoneSimulator.ActiveCfg = Debug|Any CPU
		{164CE289-0C40-4A34-A9A1-689B622E89A9}.Ad-Hoc|iPhoneSimulator.Build.0 = Debug|Any CPU
		{164CE289-0C40-4A34-A9A1-689B622E89A9}.AppStore|Any CPU.ActiveCfg = Debug|Any CPU
		{164CE289-0C40-4A34-A9A1-689B622E89A9}.AppStore|Any CPU.Build.0 = Debug|Any CPU
		{164CE289-0C40-4A34-A9A1-689B622E89A9}.AppStore|iPhone.ActiveCfg = Debug|Any CPU
		{164CE289-0C40-4A34-A9A1-689B622E89A9}.AppStore|iPhone.Build.0 = Debug|Any CPU
		{164CE289-0C40-4A34-A9A1-689B622E89A9}.AppStore|iPhoneSimulator.ActiveCfg = Debug|Any CPU
		{164CE289-0C40-4A34-A9A1-689B622E89A9}.AppStore|iPhoneSimulator.Build.0 = Debug|Any CPU
		{164CE289-0C40-4A34-A9A1-689B622E89A9}.Debug|Any CPU.ActiveCfg = Debug|Any CPU
		{164CE289-0C40-4A34-A9A1-689B622E89A9}.Debug|Any CPU.Build.0 = Debug|Any CPU
		{164CE289-0C40-4A34-A9A1-689B622E89A9}.Debug|iPhone.ActiveCfg = Debug|Any CPU
		{164CE289-0C40-4A34-A9A1-689B622E89A9}.Debug|iPhone.Build.0 = Debug|Any CPU
		{164CE289-0C40-4A34-A9A1-689B622E89A9}.Debug|iPhoneSimulator.ActiveCfg = Debug|Any CPU
		{164CE289-0C40-4A34-A9A1-689B622E89A9}.Debug|iPhoneSimulator.Build.0 = Debug|Any CPU
		{164CE289-0C40-4A34-A9A1-689B622E89A9}.Release|Any CPU.ActiveCfg = Release|Any CPU
		{164CE289-0C40-4A34-A9A1-689B622E89A9}.Release|Any CPU.Build.0 = Release|Any CPU
		{164CE289-0C40-4A34-A9A1-689B622E89A9}.Release|iPhone.ActiveCfg = Release|Any CPU
		{164CE289-0C40-4A34-A9A1-689B622E89A9}.Release|iPhone.Build.0 = Release|Any CPU
		{164CE289-0C40-4A34-A9A1-689B622E89A9}.Release|iPhoneSimulator.ActiveCfg = Release|Any CPU
		{164CE289-0C40-4A34-A9A1-689B622E89A9}.Release|iPhoneSimulator.Build.0 = Release|Any CPU
		{3A5FAA2D-DB00-4388-90A6-1EFD2E8DC1F9}.Ad-Hoc|Any CPU.ActiveCfg = Debug|Any CPU
		{3A5FAA2D-DB00-4388-90A6-1EFD2E8DC1F9}.Ad-Hoc|Any CPU.Build.0 = Debug|Any CPU
		{3A5FAA2D-DB00-4388-90A6-1EFD2E8DC1F9}.Ad-Hoc|iPhone.ActiveCfg = Debug|Any CPU
		{3A5FAA2D-DB00-4388-90A6-1EFD2E8DC1F9}.Ad-Hoc|iPhone.Build.0 = Debug|Any CPU
		{3A5FAA2D-DB00-4388-90A6-1EFD2E8DC1F9}.Ad-Hoc|iPhoneSimulator.ActiveCfg = Debug|Any CPU
		{3A5FAA2D-DB00-4388-90A6-1EFD2E8DC1F9}.Ad-Hoc|iPhoneSimulator.Build.0 = Debug|Any CPU
		{3A5FAA2D-DB00-4388-90A6-1EFD2E8DC1F9}.AppStore|Any CPU.ActiveCfg = Debug|Any CPU
		{3A5FAA2D-DB00-4388-90A6-1EFD2E8DC1F9}.AppStore|Any CPU.Build.0 = Debug|Any CPU
		{3A5FAA2D-DB00-4388-90A6-1EFD2E8DC1F9}.AppStore|iPhone.ActiveCfg = Debug|Any CPU
		{3A5FAA2D-DB00-4388-90A6-1EFD2E8DC1F9}.AppStore|iPhone.Build.0 = Debug|Any CPU
		{3A5FAA2D-DB00-4388-90A6-1EFD2E8DC1F9}.AppStore|iPhoneSimulator.ActiveCfg = Debug|Any CPU
		{3A5FAA2D-DB00-4388-90A6-1EFD2E8DC1F9}.AppStore|iPhoneSimulator.Build.0 = Debug|Any CPU
		{3A5FAA2D-DB00-4388-90A6-1EFD2E8DC1F9}.Debug|Any CPU.ActiveCfg = Debug|Any CPU
		{3A5FAA2D-DB00-4388-90A6-1EFD2E8DC1F9}.Debug|Any CPU.Build.0 = Debug|Any CPU
		{3A5FAA2D-DB00-4388-90A6-1EFD2E8DC1F9}.Debug|iPhone.ActiveCfg = Debug|Any CPU
		{3A5FAA2D-DB00-4388-90A6-1EFD2E8DC1F9}.Debug|iPhone.Build.0 = Debug|Any CPU
		{3A5FAA2D-DB00-4388-90A6-1EFD2E8DC1F9}.Debug|iPhoneSimulator.ActiveCfg = Debug|Any CPU
		{3A5FAA2D-DB00-4388-90A6-1EFD2E8DC1F9}.Debug|iPhoneSimulator.Build.0 = Debug|Any CPU
		{3A5FAA2D-DB00-4388-90A6-1EFD2E8DC1F9}.Release|Any CPU.ActiveCfg = Release|Any CPU
		{3A5FAA2D-DB00-4388-90A6-1EFD2E8DC1F9}.Release|Any CPU.Build.0 = Release|Any CPU
		{3A5FAA2D-DB00-4388-90A6-1EFD2E8DC1F9}.Release|iPhone.ActiveCfg = Release|Any CPU
		{3A5FAA2D-DB00-4388-90A6-1EFD2E8DC1F9}.Release|iPhone.Build.0 = Release|Any CPU
		{3A5FAA2D-DB00-4388-90A6-1EFD2E8DC1F9}.Release|iPhoneSimulator.ActiveCfg = Release|Any CPU
		{3A5FAA2D-DB00-4388-90A6-1EFD2E8DC1F9}.Release|iPhoneSimulator.Build.0 = Release|Any CPU
		{BDB71BDF-1859-4DD1-912B-74A6D8346E0A}.Ad-Hoc|Any CPU.ActiveCfg = Debug|Any CPU
		{BDB71BDF-1859-4DD1-912B-74A6D8346E0A}.Ad-Hoc|Any CPU.Build.0 = Debug|Any CPU
		{BDB71BDF-1859-4DD1-912B-74A6D8346E0A}.Ad-Hoc|iPhone.ActiveCfg = Debug|Any CPU
		{BDB71BDF-1859-4DD1-912B-74A6D8346E0A}.Ad-Hoc|iPhone.Build.0 = Debug|Any CPU
		{BDB71BDF-1859-4DD1-912B-74A6D8346E0A}.Ad-Hoc|iPhoneSimulator.ActiveCfg = Debug|Any CPU
		{BDB71BDF-1859-4DD1-912B-74A6D8346E0A}.Ad-Hoc|iPhoneSimulator.Build.0 = Debug|Any CPU
		{BDB71BDF-1859-4DD1-912B-74A6D8346E0A}.AppStore|Any CPU.ActiveCfg = Debug|Any CPU
		{BDB71BDF-1859-4DD1-912B-74A6D8346E0A}.AppStore|Any CPU.Build.0 = Debug|Any CPU
		{BDB71BDF-1859-4DD1-912B-74A6D8346E0A}.AppStore|iPhone.ActiveCfg = Debug|Any CPU
		{BDB71BDF-1859-4DD1-912B-74A6D8346E0A}.AppStore|iPhone.Build.0 = Debug|Any CPU
		{BDB71BDF-1859-4DD1-912B-74A6D8346E0A}.AppStore|iPhoneSimulator.ActiveCfg = Debug|Any CPU
		{BDB71BDF-1859-4DD1-912B-74A6D8346E0A}.AppStore|iPhoneSimulator.Build.0 = Debug|Any CPU
		{BDB71BDF-1859-4DD1-912B-74A6D8346E0A}.Debug|Any CPU.ActiveCfg = Debug|Any CPU
		{BDB71BDF-1859-4DD1-912B-74A6D8346E0A}.Debug|Any CPU.Build.0 = Debug|Any CPU
		{BDB71BDF-1859-4DD1-912B-74A6D8346E0A}.Debug|iPhone.ActiveCfg = Debug|Any CPU
		{BDB71BDF-1859-4DD1-912B-74A6D8346E0A}.Debug|iPhone.Build.0 = Debug|Any CPU
		{BDB71BDF-1859-4DD1-912B-74A6D8346E0A}.Debug|iPhoneSimulator.ActiveCfg = Debug|Any CPU
		{BDB71BDF-1859-4DD1-912B-74A6D8346E0A}.Debug|iPhoneSimulator.Build.0 = Debug|Any CPU
		{BDB71BDF-1859-4DD1-912B-74A6D8346E0A}.Release|Any CPU.ActiveCfg = Release|Any CPU
		{BDB71BDF-1859-4DD1-912B-74A6D8346E0A}.Release|Any CPU.Build.0 = Release|Any CPU
		{BDB71BDF-1859-4DD1-912B-74A6D8346E0A}.Release|iPhone.ActiveCfg = Release|Any CPU
		{BDB71BDF-1859-4DD1-912B-74A6D8346E0A}.Release|iPhone.Build.0 = Release|Any CPU
		{BDB71BDF-1859-4DD1-912B-74A6D8346E0A}.Release|iPhoneSimulator.ActiveCfg = Release|Any CPU
		{BDB71BDF-1859-4DD1-912B-74A6D8346E0A}.Release|iPhoneSimulator.Build.0 = Release|Any CPU
		{2C3B61DE-AFAE-41F9-A4E2-0BF24537813E}.Ad-Hoc|Any CPU.ActiveCfg = Debug|Any CPU
		{2C3B61DE-AFAE-41F9-A4E2-0BF24537813E}.Ad-Hoc|Any CPU.Build.0 = Debug|Any CPU
		{2C3B61DE-AFAE-41F9-A4E2-0BF24537813E}.Ad-Hoc|iPhone.ActiveCfg = Debug|Any CPU
		{2C3B61DE-AFAE-41F9-A4E2-0BF24537813E}.Ad-Hoc|iPhone.Build.0 = Debug|Any CPU
		{2C3B61DE-AFAE-41F9-A4E2-0BF24537813E}.Ad-Hoc|iPhoneSimulator.ActiveCfg = Debug|Any CPU
		{2C3B61DE-AFAE-41F9-A4E2-0BF24537813E}.Ad-Hoc|iPhoneSimulator.Build.0 = Debug|Any CPU
		{2C3B61DE-AFAE-41F9-A4E2-0BF24537813E}.AppStore|Any CPU.ActiveCfg = Debug|Any CPU
		{2C3B61DE-AFAE-41F9-A4E2-0BF24537813E}.AppStore|Any CPU.Build.0 = Debug|Any CPU
		{2C3B61DE-AFAE-41F9-A4E2-0BF24537813E}.AppStore|iPhone.ActiveCfg = Debug|Any CPU
		{2C3B61DE-AFAE-41F9-A4E2-0BF24537813E}.AppStore|iPhone.Build.0 = Debug|Any CPU
		{2C3B61DE-AFAE-41F9-A4E2-0BF24537813E}.AppStore|iPhoneSimulator.ActiveCfg = Debug|Any CPU
		{2C3B61DE-AFAE-41F9-A4E2-0BF24537813E}.AppStore|iPhoneSimulator.Build.0 = Debug|Any CPU
		{2C3B61DE-AFAE-41F9-A4E2-0BF24537813E}.Debug|Any CPU.ActiveCfg = Debug|Any CPU
		{2C3B61DE-AFAE-41F9-A4E2-0BF24537813E}.Debug|Any CPU.Build.0 = Debug|Any CPU
		{2C3B61DE-AFAE-41F9-A4E2-0BF24537813E}.Debug|iPhone.ActiveCfg = Debug|Any CPU
		{2C3B61DE-AFAE-41F9-A4E2-0BF24537813E}.Debug|iPhone.Build.0 = Debug|Any CPU
		{2C3B61DE-AFAE-41F9-A4E2-0BF24537813E}.Debug|iPhoneSimulator.ActiveCfg = Debug|Any CPU
		{2C3B61DE-AFAE-41F9-A4E2-0BF24537813E}.Debug|iPhoneSimulator.Build.0 = Debug|Any CPU
		{2C3B61DE-AFAE-41F9-A4E2-0BF24537813E}.Release|Any CPU.ActiveCfg = Release|Any CPU
		{2C3B61DE-AFAE-41F9-A4E2-0BF24537813E}.Release|Any CPU.Build.0 = Release|Any CPU
		{2C3B61DE-AFAE-41F9-A4E2-0BF24537813E}.Release|iPhone.ActiveCfg = Release|Any CPU
		{2C3B61DE-AFAE-41F9-A4E2-0BF24537813E}.Release|iPhone.Build.0 = Release|Any CPU
		{2C3B61DE-AFAE-41F9-A4E2-0BF24537813E}.Release|iPhoneSimulator.ActiveCfg = Release|Any CPU
		{2C3B61DE-AFAE-41F9-A4E2-0BF24537813E}.Release|iPhoneSimulator.Build.0 = Release|Any CPU
		{7C8E35AA-A81D-4BDF-A5D8-A2F01D60099C}.Ad-Hoc|Any CPU.ActiveCfg = Debug|Any CPU
		{7C8E35AA-A81D-4BDF-A5D8-A2F01D60099C}.Ad-Hoc|Any CPU.Build.0 = Debug|Any CPU
		{7C8E35AA-A81D-4BDF-A5D8-A2F01D60099C}.Ad-Hoc|iPhone.ActiveCfg = Debug|Any CPU
		{7C8E35AA-A81D-4BDF-A5D8-A2F01D60099C}.Ad-Hoc|iPhone.Build.0 = Debug|Any CPU
		{7C8E35AA-A81D-4BDF-A5D8-A2F01D60099C}.Ad-Hoc|iPhoneSimulator.ActiveCfg = Debug|Any CPU
		{7C8E35AA-A81D-4BDF-A5D8-A2F01D60099C}.Ad-Hoc|iPhoneSimulator.Build.0 = Debug|Any CPU
		{7C8E35AA-A81D-4BDF-A5D8-A2F01D60099C}.AppStore|Any CPU.ActiveCfg = Debug|Any CPU
		{7C8E35AA-A81D-4BDF-A5D8-A2F01D60099C}.AppStore|Any CPU.Build.0 = Debug|Any CPU
		{7C8E35AA-A81D-4BDF-A5D8-A2F01D60099C}.AppStore|iPhone.ActiveCfg = Debug|Any CPU
		{7C8E35AA-A81D-4BDF-A5D8-A2F01D60099C}.AppStore|iPhone.Build.0 = Debug|Any CPU
		{7C8E35AA-A81D-4BDF-A5D8-A2F01D60099C}.AppStore|iPhoneSimulator.ActiveCfg = Debug|Any CPU
		{7C8E35AA-A81D-4BDF-A5D8-A2F01D60099C}.AppStore|iPhoneSimulator.Build.0 = Debug|Any CPU
		{7C8E35AA-A81D-4BDF-A5D8-A2F01D60099C}.Debug|Any CPU.ActiveCfg = Debug|Any CPU
		{7C8E35AA-A81D-4BDF-A5D8-A2F01D60099C}.Debug|Any CPU.Build.0 = Debug|Any CPU
		{7C8E35AA-A81D-4BDF-A5D8-A2F01D60099C}.Debug|iPhone.ActiveCfg = Debug|Any CPU
		{7C8E35AA-A81D-4BDF-A5D8-A2F01D60099C}.Debug|iPhone.Build.0 = Debug|Any CPU
		{7C8E35AA-A81D-4BDF-A5D8-A2F01D60099C}.Debug|iPhoneSimulator.ActiveCfg = Debug|Any CPU
		{7C8E35AA-A81D-4BDF-A5D8-A2F01D60099C}.Debug|iPhoneSimulator.Build.0 = Debug|Any CPU
		{7C8E35AA-A81D-4BDF-A5D8-A2F01D60099C}.Release|Any CPU.ActiveCfg = Release|Any CPU
		{7C8E35AA-A81D-4BDF-A5D8-A2F01D60099C}.Release|Any CPU.Build.0 = Release|Any CPU
		{7C8E35AA-A81D-4BDF-A5D8-A2F01D60099C}.Release|iPhone.ActiveCfg = Release|Any CPU
		{7C8E35AA-A81D-4BDF-A5D8-A2F01D60099C}.Release|iPhone.Build.0 = Release|Any CPU
		{7C8E35AA-A81D-4BDF-A5D8-A2F01D60099C}.Release|iPhoneSimulator.ActiveCfg = Release|Any CPU
		{7C8E35AA-A81D-4BDF-A5D8-A2F01D60099C}.Release|iPhoneSimulator.Build.0 = Release|Any CPU
		{FDB24904-151F-454E-BBB6-BD5E757BC095}.Ad-Hoc|Any CPU.ActiveCfg = Debug|Any CPU
		{FDB24904-151F-454E-BBB6-BD5E757BC095}.Ad-Hoc|Any CPU.Build.0 = Debug|Any CPU
		{FDB24904-151F-454E-BBB6-BD5E757BC095}.Ad-Hoc|iPhone.ActiveCfg = Debug|Any CPU
		{FDB24904-151F-454E-BBB6-BD5E757BC095}.Ad-Hoc|iPhone.Build.0 = Debug|Any CPU
		{FDB24904-151F-454E-BBB6-BD5E757BC095}.Ad-Hoc|iPhoneSimulator.ActiveCfg = Debug|Any CPU
		{FDB24904-151F-454E-BBB6-BD5E757BC095}.Ad-Hoc|iPhoneSimulator.Build.0 = Debug|Any CPU
		{FDB24904-151F-454E-BBB6-BD5E757BC095}.AppStore|Any CPU.ActiveCfg = Debug|Any CPU
		{FDB24904-151F-454E-BBB6-BD5E757BC095}.AppStore|Any CPU.Build.0 = Debug|Any CPU
		{FDB24904-151F-454E-BBB6-BD5E757BC095}.AppStore|iPhone.ActiveCfg = Debug|Any CPU
		{FDB24904-151F-454E-BBB6-BD5E757BC095}.AppStore|iPhone.Build.0 = Debug|Any CPU
		{FDB24904-151F-454E-BBB6-BD5E757BC095}.AppStore|iPhoneSimulator.ActiveCfg = Debug|Any CPU
		{FDB24904-151F-454E-BBB6-BD5E757BC095}.AppStore|iPhoneSimulator.Build.0 = Debug|Any CPU
		{FDB24904-151F-454E-BBB6-BD5E757BC095}.Debug|Any CPU.ActiveCfg = Debug|Any CPU
		{FDB24904-151F-454E-BBB6-BD5E757BC095}.Debug|Any CPU.Build.0 = Debug|Any CPU
		{FDB24904-151F-454E-BBB6-BD5E757BC095}.Debug|iPhone.ActiveCfg = Debug|Any CPU
		{FDB24904-151F-454E-BBB6-BD5E757BC095}.Debug|iPhone.Build.0 = Debug|Any CPU
		{FDB24904-151F-454E-BBB6-BD5E757BC095}.Debug|iPhoneSimulator.ActiveCfg = Debug|Any CPU
		{FDB24904-151F-454E-BBB6-BD5E757BC095}.Debug|iPhoneSimulator.Build.0 = Debug|Any CPU
		{FDB24904-151F-454E-BBB6-BD5E757BC095}.Release|Any CPU.ActiveCfg = Release|Any CPU
		{FDB24904-151F-454E-BBB6-BD5E757BC095}.Release|Any CPU.Build.0 = Release|Any CPU
		{FDB24904-151F-454E-BBB6-BD5E757BC095}.Release|iPhone.ActiveCfg = Release|Any CPU
		{FDB24904-151F-454E-BBB6-BD5E757BC095}.Release|iPhone.Build.0 = Release|Any CPU
		{FDB24904-151F-454E-BBB6-BD5E757BC095}.Release|iPhoneSimulator.ActiveCfg = Release|Any CPU
		{FDB24904-151F-454E-BBB6-BD5E757BC095}.Release|iPhoneSimulator.Build.0 = Release|Any CPU
		{B2E7C25D-4ADB-41CA-BA25-04399DB33DD0}.Ad-Hoc|Any CPU.ActiveCfg = Debug|Any CPU
		{B2E7C25D-4ADB-41CA-BA25-04399DB33DD0}.Ad-Hoc|Any CPU.Build.0 = Debug|Any CPU
		{B2E7C25D-4ADB-41CA-BA25-04399DB33DD0}.Ad-Hoc|iPhone.ActiveCfg = Debug|Any CPU
		{B2E7C25D-4ADB-41CA-BA25-04399DB33DD0}.Ad-Hoc|iPhone.Build.0 = Debug|Any CPU
		{B2E7C25D-4ADB-41CA-BA25-04399DB33DD0}.Ad-Hoc|iPhoneSimulator.ActiveCfg = Debug|Any CPU
		{B2E7C25D-4ADB-41CA-BA25-04399DB33DD0}.Ad-Hoc|iPhoneSimulator.Build.0 = Debug|Any CPU
		{B2E7C25D-4ADB-41CA-BA25-04399DB33DD0}.AppStore|Any CPU.ActiveCfg = Debug|Any CPU
		{B2E7C25D-4ADB-41CA-BA25-04399DB33DD0}.AppStore|Any CPU.Build.0 = Debug|Any CPU
		{B2E7C25D-4ADB-41CA-BA25-04399DB33DD0}.AppStore|iPhone.ActiveCfg = Debug|Any CPU
		{B2E7C25D-4ADB-41CA-BA25-04399DB33DD0}.AppStore|iPhone.Build.0 = Debug|Any CPU
		{B2E7C25D-4ADB-41CA-BA25-04399DB33DD0}.AppStore|iPhoneSimulator.ActiveCfg = Debug|Any CPU
		{B2E7C25D-4ADB-41CA-BA25-04399DB33DD0}.AppStore|iPhoneSimulator.Build.0 = Debug|Any CPU
		{B2E7C25D-4ADB-41CA-BA25-04399DB33DD0}.Debug|Any CPU.ActiveCfg = Debug|Any CPU
		{B2E7C25D-4ADB-41CA-BA25-04399DB33DD0}.Debug|Any CPU.Build.0 = Debug|Any CPU
		{B2E7C25D-4ADB-41CA-BA25-04399DB33DD0}.Debug|iPhone.ActiveCfg = Debug|Any CPU
		{B2E7C25D-4ADB-41CA-BA25-04399DB33DD0}.Debug|iPhone.Build.0 = Debug|Any CPU
		{B2E7C25D-4ADB-41CA-BA25-04399DB33DD0}.Debug|iPhoneSimulator.ActiveCfg = Debug|Any CPU
		{B2E7C25D-4ADB-41CA-BA25-04399DB33DD0}.Debug|iPhoneSimulator.Build.0 = Debug|Any CPU
		{B2E7C25D-4ADB-41CA-BA25-04399DB33DD0}.Release|Any CPU.ActiveCfg = Release|Any CPU
		{B2E7C25D-4ADB-41CA-BA25-04399DB33DD0}.Release|Any CPU.Build.0 = Release|Any CPU
		{B2E7C25D-4ADB-41CA-BA25-04399DB33DD0}.Release|iPhone.ActiveCfg = Release|Any CPU
		{B2E7C25D-4ADB-41CA-BA25-04399DB33DD0}.Release|iPhone.Build.0 = Release|Any CPU
		{B2E7C25D-4ADB-41CA-BA25-04399DB33DD0}.Release|iPhoneSimulator.ActiveCfg = Release|Any CPU
		{B2E7C25D-4ADB-41CA-BA25-04399DB33DD0}.Release|iPhoneSimulator.Build.0 = Release|Any CPU
		{89291145-549C-4880-A354-1F38D370E8D2}.Ad-Hoc|Any CPU.ActiveCfg = Debug|Any CPU
		{89291145-549C-4880-A354-1F38D370E8D2}.Ad-Hoc|Any CPU.Build.0 = Debug|Any CPU
		{89291145-549C-4880-A354-1F38D370E8D2}.Ad-Hoc|iPhone.ActiveCfg = Debug|Any CPU
		{89291145-549C-4880-A354-1F38D370E8D2}.Ad-Hoc|iPhone.Build.0 = Debug|Any CPU
		{89291145-549C-4880-A354-1F38D370E8D2}.Ad-Hoc|iPhoneSimulator.ActiveCfg = Debug|Any CPU
		{89291145-549C-4880-A354-1F38D370E8D2}.Ad-Hoc|iPhoneSimulator.Build.0 = Debug|Any CPU
		{89291145-549C-4880-A354-1F38D370E8D2}.AppStore|Any CPU.ActiveCfg = Debug|Any CPU
		{89291145-549C-4880-A354-1F38D370E8D2}.AppStore|Any CPU.Build.0 = Debug|Any CPU
		{89291145-549C-4880-A354-1F38D370E8D2}.AppStore|iPhone.ActiveCfg = Debug|Any CPU
		{89291145-549C-4880-A354-1F38D370E8D2}.AppStore|iPhone.Build.0 = Debug|Any CPU
		{89291145-549C-4880-A354-1F38D370E8D2}.AppStore|iPhoneSimulator.ActiveCfg = Debug|Any CPU
		{89291145-549C-4880-A354-1F38D370E8D2}.AppStore|iPhoneSimulator.Build.0 = Debug|Any CPU
		{89291145-549C-4880-A354-1F38D370E8D2}.Debug|Any CPU.ActiveCfg = Debug|Any CPU
		{89291145-549C-4880-A354-1F38D370E8D2}.Debug|Any CPU.Build.0 = Debug|Any CPU
		{89291145-549C-4880-A354-1F38D370E8D2}.Debug|iPhone.ActiveCfg = Debug|Any CPU
		{89291145-549C-4880-A354-1F38D370E8D2}.Debug|iPhone.Build.0 = Debug|Any CPU
		{89291145-549C-4880-A354-1F38D370E8D2}.Debug|iPhoneSimulator.ActiveCfg = Debug|Any CPU
		{89291145-549C-4880-A354-1F38D370E8D2}.Debug|iPhoneSimulator.Build.0 = Debug|Any CPU
		{89291145-549C-4880-A354-1F38D370E8D2}.Release|Any CPU.ActiveCfg = Release|Any CPU
		{89291145-549C-4880-A354-1F38D370E8D2}.Release|Any CPU.Build.0 = Release|Any CPU
		{89291145-549C-4880-A354-1F38D370E8D2}.Release|iPhone.ActiveCfg = Release|Any CPU
		{89291145-549C-4880-A354-1F38D370E8D2}.Release|iPhone.Build.0 = Release|Any CPU
		{89291145-549C-4880-A354-1F38D370E8D2}.Release|iPhoneSimulator.ActiveCfg = Release|Any CPU
		{89291145-549C-4880-A354-1F38D370E8D2}.Release|iPhoneSimulator.Build.0 = Release|Any CPU
		{2E95E30A-71B7-4B6F-88AF-DF1CAB388598}.Ad-Hoc|Any CPU.ActiveCfg = Debug|Any CPU
		{2E95E30A-71B7-4B6F-88AF-DF1CAB388598}.Ad-Hoc|Any CPU.Build.0 = Debug|Any CPU
		{2E95E30A-71B7-4B6F-88AF-DF1CAB388598}.Ad-Hoc|iPhone.ActiveCfg = Debug|Any CPU
		{2E95E30A-71B7-4B6F-88AF-DF1CAB388598}.Ad-Hoc|iPhone.Build.0 = Debug|Any CPU
		{2E95E30A-71B7-4B6F-88AF-DF1CAB388598}.Ad-Hoc|iPhoneSimulator.ActiveCfg = Debug|Any CPU
		{2E95E30A-71B7-4B6F-88AF-DF1CAB388598}.Ad-Hoc|iPhoneSimulator.Build.0 = Debug|Any CPU
		{2E95E30A-71B7-4B6F-88AF-DF1CAB388598}.AppStore|Any CPU.ActiveCfg = Debug|Any CPU
		{2E95E30A-71B7-4B6F-88AF-DF1CAB388598}.AppStore|Any CPU.Build.0 = Debug|Any CPU
		{2E95E30A-71B7-4B6F-88AF-DF1CAB388598}.AppStore|iPhone.ActiveCfg = Debug|Any CPU
		{2E95E30A-71B7-4B6F-88AF-DF1CAB388598}.AppStore|iPhone.Build.0 = Debug|Any CPU
		{2E95E30A-71B7-4B6F-88AF-DF1CAB388598}.AppStore|iPhoneSimulator.ActiveCfg = Debug|Any CPU
		{2E95E30A-71B7-4B6F-88AF-DF1CAB388598}.AppStore|iPhoneSimulator.Build.0 = Debug|Any CPU
		{2E95E30A-71B7-4B6F-88AF-DF1CAB388598}.Debug|Any CPU.ActiveCfg = Debug|Any CPU
		{2E95E30A-71B7-4B6F-88AF-DF1CAB388598}.Debug|Any CPU.Build.0 = Debug|Any CPU
		{2E95E30A-71B7-4B6F-88AF-DF1CAB388598}.Debug|iPhone.ActiveCfg = Debug|Any CPU
		{2E95E30A-71B7-4B6F-88AF-DF1CAB388598}.Debug|iPhone.Build.0 = Debug|Any CPU
		{2E95E30A-71B7-4B6F-88AF-DF1CAB388598}.Debug|iPhoneSimulator.ActiveCfg = Debug|Any CPU
		{2E95E30A-71B7-4B6F-88AF-DF1CAB388598}.Debug|iPhoneSimulator.Build.0 = Debug|Any CPU
		{2E95E30A-71B7-4B6F-88AF-DF1CAB388598}.Release|Any CPU.ActiveCfg = Release|Any CPU
		{2E95E30A-71B7-4B6F-88AF-DF1CAB388598}.Release|Any CPU.Build.0 = Release|Any CPU
		{2E95E30A-71B7-4B6F-88AF-DF1CAB388598}.Release|iPhone.ActiveCfg = Release|Any CPU
		{2E95E30A-71B7-4B6F-88AF-DF1CAB388598}.Release|iPhone.Build.0 = Release|Any CPU
		{2E95E30A-71B7-4B6F-88AF-DF1CAB388598}.Release|iPhoneSimulator.ActiveCfg = Release|Any CPU
		{2E95E30A-71B7-4B6F-88AF-DF1CAB388598}.Release|iPhoneSimulator.Build.0 = Release|Any CPU
		{559A8F3C-73D6-438C-BF98-450A04C88268}.Ad-Hoc|Any CPU.ActiveCfg = Debug|Any CPU
		{559A8F3C-73D6-438C-BF98-450A04C88268}.Ad-Hoc|Any CPU.Build.0 = Debug|Any CPU
		{559A8F3C-73D6-438C-BF98-450A04C88268}.Ad-Hoc|iPhone.ActiveCfg = Debug|Any CPU
		{559A8F3C-73D6-438C-BF98-450A04C88268}.Ad-Hoc|iPhone.Build.0 = Debug|Any CPU
		{559A8F3C-73D6-438C-BF98-450A04C88268}.Ad-Hoc|iPhoneSimulator.ActiveCfg = Debug|Any CPU
		{559A8F3C-73D6-438C-BF98-450A04C88268}.Ad-Hoc|iPhoneSimulator.Build.0 = Debug|Any CPU
		{559A8F3C-73D6-438C-BF98-450A04C88268}.AppStore|Any CPU.ActiveCfg = Debug|Any CPU
		{559A8F3C-73D6-438C-BF98-450A04C88268}.AppStore|Any CPU.Build.0 = Debug|Any CPU
		{559A8F3C-73D6-438C-BF98-450A04C88268}.AppStore|iPhone.ActiveCfg = Debug|Any CPU
		{559A8F3C-73D6-438C-BF98-450A04C88268}.AppStore|iPhone.Build.0 = Debug|Any CPU
		{559A8F3C-73D6-438C-BF98-450A04C88268}.AppStore|iPhoneSimulator.ActiveCfg = Debug|Any CPU
		{559A8F3C-73D6-438C-BF98-450A04C88268}.AppStore|iPhoneSimulator.Build.0 = Debug|Any CPU
		{559A8F3C-73D6-438C-BF98-450A04C88268}.Debug|Any CPU.ActiveCfg = Debug|Any CPU
		{559A8F3C-73D6-438C-BF98-450A04C88268}.Debug|Any CPU.Build.0 = Debug|Any CPU
		{559A8F3C-73D6-438C-BF98-450A04C88268}.Debug|iPhone.ActiveCfg = Debug|Any CPU
		{559A8F3C-73D6-438C-BF98-450A04C88268}.Debug|iPhone.Build.0 = Debug|Any CPU
		{559A8F3C-73D6-438C-BF98-450A04C88268}.Debug|iPhoneSimulator.ActiveCfg = Debug|Any CPU
		{559A8F3C-73D6-438C-BF98-450A04C88268}.Debug|iPhoneSimulator.Build.0 = Debug|Any CPU
		{559A8F3C-73D6-438C-BF98-450A04C88268}.Release|Any CPU.ActiveCfg = Release|Any CPU
		{559A8F3C-73D6-438C-BF98-450A04C88268}.Release|Any CPU.Build.0 = Release|Any CPU
		{559A8F3C-73D6-438C-BF98-450A04C88268}.Release|iPhone.ActiveCfg = Release|Any CPU
		{559A8F3C-73D6-438C-BF98-450A04C88268}.Release|iPhone.Build.0 = Release|Any CPU
		{559A8F3C-73D6-438C-BF98-450A04C88268}.Release|iPhoneSimulator.ActiveCfg = Release|Any CPU
		{559A8F3C-73D6-438C-BF98-450A04C88268}.Release|iPhoneSimulator.Build.0 = Release|Any CPU
	EndGlobalSection
	GlobalSection(SolutionProperties) = preSolution
		HideSolutionNode = FALSE
	EndGlobalSection
	GlobalSection(NestedProjects) = preSolution
		{5061A042-5EEE-4F19-9827-CBB8AC8666F6} = {4AFB0F25-7AEB-4FEA-854A-EDA241499EF0}
		{7EAC3AFA-BB03-49F7-AE33-1E61409E534B} = {750E39CA-CCBF-43D5-A7A5-AE30F9FE11CB}
		{426E86C2-2F72-4E34-94CE-58BE2525AF83} = {F4E0A1C6-D90C-4927-83B1-0AC9D50FD34F}
		{2C4788CC-3476-46A8-9C6F-C3CB7AE72C5E} = {426E86C2-2F72-4E34-94CE-58BE2525AF83}
		{6C0F7C4E-5537-4732-9A73-4546F820013A} = {426E86C2-2F72-4E34-94CE-58BE2525AF83}
		{D44E0817-46EE-40C3-9CBC-539A877461C0} = {426E86C2-2F72-4E34-94CE-58BE2525AF83}
		{24C12647-E12A-440A-B4C9-8EB7922EEAD5} = {426E86C2-2F72-4E34-94CE-58BE2525AF83}
		{D75C28D2-5D3F-4420-B836-D6C9F3ADA45E} = {6EB40C80-306F-4ADD-9068-C8FFCE492082}
		{164CE289-0C40-4A34-A9A1-689B622E89A9} = {6EB40C80-306F-4ADD-9068-C8FFCE492082}
		{D2B84C2A-0AD7-4FED-8470-89A84F9B632E} = {F4E0A1C6-D90C-4927-83B1-0AC9D50FD34F}
		{3A5FAA2D-DB00-4388-90A6-1EFD2E8DC1F9} = {D2B84C2A-0AD7-4FED-8470-89A84F9B632E}
		{BDB71BDF-1859-4DD1-912B-74A6D8346E0A} = {D2B84C2A-0AD7-4FED-8470-89A84F9B632E}
		{2C3B61DE-AFAE-41F9-A4E2-0BF24537813E} = {D2B84C2A-0AD7-4FED-8470-89A84F9B632E}
		{7C8E35AA-A81D-4BDF-A5D8-A2F01D60099C} = {D2B84C2A-0AD7-4FED-8470-89A84F9B632E}
		{FDB24904-151F-454E-BBB6-BD5E757BC095} = {6EB40C80-306F-4ADD-9068-C8FFCE492082}
		{4037367F-5EE0-4BFA-A8E5-74DA21DC1DE8} = {F4E0A1C6-D90C-4927-83B1-0AC9D50FD34F}
		{B2E7C25D-4ADB-41CA-BA25-04399DB33DD0} = {4037367F-5EE0-4BFA-A8E5-74DA21DC1DE8}
		{89291145-549C-4880-A354-1F38D370E8D2} = {4037367F-5EE0-4BFA-A8E5-74DA21DC1DE8}
		{D8623509-A1F8-48D1-9F33-3F3D2C8C3948} = {F4E0A1C6-D90C-4927-83B1-0AC9D50FD34F}
		{2E95E30A-71B7-4B6F-88AF-DF1CAB388598} = {D8623509-A1F8-48D1-9F33-3F3D2C8C3948}
		{559A8F3C-73D6-438C-BF98-450A04C88268} = {D8623509-A1F8-48D1-9F33-3F3D2C8C3948}
	EndGlobalSection
	GlobalSection(ExtensibilityGlobals) = postSolution
		SolutionGuid = {EE3D6389-1943-4B69-A546-7298A23FA98A}
	EndGlobalSection
EndGlobal
