
Microsoft Visual Studio Solution File, Format Version 12.00
# Visual Studio Version 16
VisualStudioVersion = 16.0.29926.136
MinimumVisualStudioVersion = 10.0.40219.1
Project("{9A19103F-16F7-4668-BE54-9A1E7A4F7556}") = "BudgetUnderControl.Tests", "..\tests\BudgetUnderControl.Tests\BudgetUnderControl.Tests.csproj", "{5061A042-5EEE-4F19-9827-CBB8AC8666F6}"
EndProject
Project("{9A19103F-16F7-4668-BE54-9A1E7A4F7556}") = "BudgetUnderControl.Domain", "BudgetUnderControl.Domain\BudgetUnderControl.Domain.csproj", "{298A3723-97DB-436C-A016-F8D00228DFB4}"
EndProject
Project("{9A19103F-16F7-4668-BE54-9A1E7A4F7556}") = "BudgetUnderControl.Common", "BudgetUnderControl.Common\BudgetUnderControl.Common.csproj", "{1DD8730A-719C-4CEE-A54D-AA1E5D6D2C84}"
EndProject
Project("{9A19103F-16F7-4668-BE54-9A1E7A4F7556}") = "BudgetUnderControl.ApiInfrastructure", "BudgetUnderControl.Infrastructure\BudgetUnderControl.ApiInfrastructure.csproj", "{87755B9F-917A-43D7-80E4-1CE9E813B660}"
EndProject
Project("{9A19103F-16F7-4668-BE54-9A1E7A4F7556}") = "BudgetUnderControl.API", "BudgetUnderControl.API\BudgetUnderControl.API.csproj", "{7EAC3AFA-BB03-49F7-AE33-1E61409E534B}"
EndProject
Project("{2150E333-8FDC-42A3-9474-1A3956D46DE8}") = "Database", "Database", "{E92D78B8-B723-45E4-8030-F8C86030D4D4}"
EndProject
Project("{9A19103F-16F7-4668-BE54-9A1E7A4F7556}") = "BudgetUnderControl.Migrations.SqlServer", "Database\BudgetUnderControl.Migrations.SqlServer\BudgetUnderControl.Migrations.SqlServer.csproj", "{F5528CB8-9B5C-4BF5-B32C-CF069280F944}"
EndProject
Project("{E53339B2-1760-4266-BCC7-CA923CBCF16C}") = "docker-compose", "docker-compose.dcproj", "{4BD57CC2-6D0D-4B40-9260-970728503282}"
EndProject
Project("{9A19103F-16F7-4668-BE54-9A1E7A4F7556}") = "BudgetUnderControl.CommonInfrastructure", "BudgetUnderControl.Commands\BudgetUnderControl.CommonInfrastructure.csproj", "{E24DEAA2-0FD4-4D9E-BBCE-82EC36433075}"
EndProject
Project("{2150E333-8FDC-42A3-9474-1A3956D46DE8}") = "API", "API", "{750E39CA-CCBF-43D5-A7A5-AE30F9FE11CB}"
EndProject
Project("{2150E333-8FDC-42A3-9474-1A3956D46DE8}") = "Tests", "Tests", "{4AFB0F25-7AEB-4FEA-854A-EDA241499EF0}"
EndProject
Project("{2150E333-8FDC-42A3-9474-1A3956D46DE8}") = "Common", "Common", "{CDE66104-C1CE-41D6-9321-7B3E3AE27028}"
EndProject
Global
	GlobalSection(SolutionConfigurationPlatforms) = preSolution
		Ad-Hoc|Any CPU = Ad-Hoc|Any CPU
		Ad-Hoc|iPhone = Ad-Hoc|iPhone
		Ad-Hoc|iPhoneSimulator = Ad-Hoc|iPhoneSimulator
		AppStore|Any CPU = AppStore|Any CPU
		AppStore|iPhone = AppStore|iPhone
		AppStore|iPhoneSimulator = AppStore|iPhoneSimulator
		Debug|Any CPU = Debug|Any CPU
		Debug|iPhone = Debug|iPhone
		Debug|iPhoneSimulator = Debug|iPhoneSimulator
		Release|Any CPU = Release|Any CPU
		Release|iPhone = Release|iPhone
		Release|iPhoneSimulator = Release|iPhoneSimulator
	EndGlobalSection
	GlobalSection(ProjectConfigurationPlatforms) = postSolution
		{5061A042-5EEE-4F19-9827-CBB8AC8666F6}.Ad-Hoc|Any CPU.ActiveCfg = Debug|Any CPU
		{5061A042-5EEE-4F19-9827-CBB8AC8666F6}.Ad-Hoc|Any CPU.Build.0 = Debug|Any CPU
		{5061A042-5EEE-4F19-9827-CBB8AC8666F6}.Ad-Hoc|iPhone.ActiveCfg = Debug|Any CPU
		{5061A042-5EEE-4F19-9827-CBB8AC8666F6}.Ad-Hoc|iPhone.Build.0 = Debug|Any CPU
		{5061A042-5EEE-4F19-9827-CBB8AC8666F6}.Ad-Hoc|iPhoneSimulator.ActiveCfg = Debug|Any CPU
		{5061A042-5EEE-4F19-9827-CBB8AC8666F6}.Ad-Hoc|iPhoneSimulator.Build.0 = Debug|Any CPU
		{5061A042-5EEE-4F19-9827-CBB8AC8666F6}.AppStore|Any CPU.ActiveCfg = Debug|Any CPU
		{5061A042-5EEE-4F19-9827-CBB8AC8666F6}.AppStore|Any CPU.Build.0 = Debug|Any CPU
		{5061A042-5EEE-4F19-9827-CBB8AC8666F6}.AppStore|iPhone.ActiveCfg = Debug|Any CPU
		{5061A042-5EEE-4F19-9827-CBB8AC8666F6}.AppStore|iPhone.Build.0 = Debug|Any CPU
		{5061A042-5EEE-4F19-9827-CBB8AC8666F6}.AppStore|iPhoneSimulator.ActiveCfg = Debug|Any CPU
		{5061A042-5EEE-4F19-9827-CBB8AC8666F6}.AppStore|iPhoneSimulator.Build.0 = Debug|Any CPU
		{5061A042-5EEE-4F19-9827-CBB8AC8666F6}.Debug|Any CPU.ActiveCfg = Debug|Any CPU
		{5061A042-5EEE-4F19-9827-CBB8AC8666F6}.Debug|Any CPU.Build.0 = Debug|Any CPU
		{5061A042-5EEE-4F19-9827-CBB8AC8666F6}.Debug|iPhone.ActiveCfg = Debug|Any CPU
		{5061A042-5EEE-4F19-9827-CBB8AC8666F6}.Debug|iPhone.Build.0 = Debug|Any CPU
		{5061A042-5EEE-4F19-9827-CBB8AC8666F6}.Debug|iPhoneSimulator.ActiveCfg = Debug|Any CPU
		{5061A042-5EEE-4F19-9827-CBB8AC8666F6}.Debug|iPhoneSimulator.Build.0 = Debug|Any CPU
		{5061A042-5EEE-4F19-9827-CBB8AC8666F6}.Release|Any CPU.ActiveCfg = Release|Any CPU
		{5061A042-5EEE-4F19-9827-CBB8AC8666F6}.Release|Any CPU.Build.0 = Release|Any CPU
		{5061A042-5EEE-4F19-9827-CBB8AC8666F6}.Release|iPhone.ActiveCfg = Release|Any CPU
		{5061A042-5EEE-4F19-9827-CBB8AC8666F6}.Release|iPhone.Build.0 = Release|Any CPU
		{5061A042-5EEE-4F19-9827-CBB8AC8666F6}.Release|iPhoneSimulator.ActiveCfg = Release|Any CPU
		{5061A042-5EEE-4F19-9827-CBB8AC8666F6}.Release|iPhoneSimulator.Build.0 = Release|Any CPU
		{298A3723-97DB-436C-A016-F8D00228DFB4}.Ad-Hoc|Any CPU.ActiveCfg = Release|Any CPU
		{298A3723-97DB-436C-A016-F8D00228DFB4}.Ad-Hoc|Any CPU.Build.0 = Release|Any CPU
		{298A3723-97DB-436C-A016-F8D00228DFB4}.Ad-Hoc|iPhone.ActiveCfg = Release|Any CPU
		{298A3723-97DB-436C-A016-F8D00228DFB4}.Ad-Hoc|iPhone.Build.0 = Release|Any CPU
		{298A3723-97DB-436C-A016-F8D00228DFB4}.Ad-Hoc|iPhoneSimulator.ActiveCfg = Release|Any CPU
		{298A3723-97DB-436C-A016-F8D00228DFB4}.Ad-Hoc|iPhoneSimulator.Build.0 = Release|Any CPU
		{298A3723-97DB-436C-A016-F8D00228DFB4}.AppStore|Any CPU.ActiveCfg = Release|Any CPU
		{298A3723-97DB-436C-A016-F8D00228DFB4}.AppStore|Any CPU.Build.0 = Release|Any CPU
		{298A3723-97DB-436C-A016-F8D00228DFB4}.AppStore|iPhone.ActiveCfg = Release|Any CPU
		{298A3723-97DB-436C-A016-F8D00228DFB4}.AppStore|iPhone.Build.0 = Release|Any CPU
		{298A3723-97DB-436C-A016-F8D00228DFB4}.AppStore|iPhoneSimulator.ActiveCfg = Release|Any CPU
		{298A3723-97DB-436C-A016-F8D00228DFB4}.AppStore|iPhoneSimulator.Build.0 = Release|Any CPU
		{298A3723-97DB-436C-A016-F8D00228DFB4}.Debug|Any CPU.ActiveCfg = Debug|Any CPU
		{298A3723-97DB-436C-A016-F8D00228DFB4}.Debug|Any CPU.Build.0 = Debug|Any CPU
		{298A3723-97DB-436C-A016-F8D00228DFB4}.Debug|iPhone.ActiveCfg = Debug|Any CPU
		{298A3723-97DB-436C-A016-F8D00228DFB4}.Debug|iPhone.Build.0 = Debug|Any CPU
		{298A3723-97DB-436C-A016-F8D00228DFB4}.Debug|iPhoneSimulator.ActiveCfg = Debug|Any CPU
		{298A3723-97DB-436C-A016-F8D00228DFB4}.Debug|iPhoneSimulator.Build.0 = Debug|Any CPU
		{298A3723-97DB-436C-A016-F8D00228DFB4}.Release|Any CPU.ActiveCfg = Release|Any CPU
		{298A3723-97DB-436C-A016-F8D00228DFB4}.Release|Any CPU.Build.0 = Release|Any CPU
		{298A3723-97DB-436C-A016-F8D00228DFB4}.Release|iPhone.ActiveCfg = Release|Any CPU
		{298A3723-97DB-436C-A016-F8D00228DFB4}.Release|iPhone.Build.0 = Release|Any CPU
		{298A3723-97DB-436C-A016-F8D00228DFB4}.Release|iPhoneSimulator.ActiveCfg = Release|Any CPU
		{298A3723-97DB-436C-A016-F8D00228DFB4}.Release|iPhoneSimulator.Build.0 = Release|Any CPU
		{1DD8730A-719C-4CEE-A54D-AA1E5D6D2C84}.Ad-Hoc|Any CPU.ActiveCfg = Release|Any CPU
		{1DD8730A-719C-4CEE-A54D-AA1E5D6D2C84}.Ad-Hoc|Any CPU.Build.0 = Release|Any CPU
		{1DD8730A-719C-4CEE-A54D-AA1E5D6D2C84}.Ad-Hoc|iPhone.ActiveCfg = Release|Any CPU
		{1DD8730A-719C-4CEE-A54D-AA1E5D6D2C84}.Ad-Hoc|iPhone.Build.0 = Release|Any CPU
		{1DD8730A-719C-4CEE-A54D-AA1E5D6D2C84}.Ad-Hoc|iPhoneSimulator.ActiveCfg = Release|Any CPU
		{1DD8730A-719C-4CEE-A54D-AA1E5D6D2C84}.Ad-Hoc|iPhoneSimulator.Build.0 = Release|Any CPU
		{1DD8730A-719C-4CEE-A54D-AA1E5D6D2C84}.AppStore|Any CPU.ActiveCfg = Release|Any CPU
		{1DD8730A-719C-4CEE-A54D-AA1E5D6D2C84}.AppStore|Any CPU.Build.0 = Release|Any CPU
		{1DD8730A-719C-4CEE-A54D-AA1E5D6D2C84}.AppStore|iPhone.ActiveCfg = Release|Any CPU
		{1DD8730A-719C-4CEE-A54D-AA1E5D6D2C84}.AppStore|iPhone.Build.0 = Release|Any CPU
		{1DD8730A-719C-4CEE-A54D-AA1E5D6D2C84}.AppStore|iPhoneSimulator.ActiveCfg = Release|Any CPU
		{1DD8730A-719C-4CEE-A54D-AA1E5D6D2C84}.AppStore|iPhoneSimulator.Build.0 = Release|Any CPU
		{1DD8730A-719C-4CEE-A54D-AA1E5D6D2C84}.Debug|Any CPU.ActiveCfg = Debug|Any CPU
		{1DD8730A-719C-4CEE-A54D-AA1E5D6D2C84}.Debug|Any CPU.Build.0 = Debug|Any CPU
		{1DD8730A-719C-4CEE-A54D-AA1E5D6D2C84}.Debug|iPhone.ActiveCfg = Debug|Any CPU
		{1DD8730A-719C-4CEE-A54D-AA1E5D6D2C84}.Debug|iPhone.Build.0 = Debug|Any CPU
		{1DD8730A-719C-4CEE-A54D-AA1E5D6D2C84}.Debug|iPhoneSimulator.ActiveCfg = Debug|Any CPU
		{1DD8730A-719C-4CEE-A54D-AA1E5D6D2C84}.Debug|iPhoneSimulator.Build.0 = Debug|Any CPU
		{1DD8730A-719C-4CEE-A54D-AA1E5D6D2C84}.Release|Any CPU.ActiveCfg = Release|Any CPU
		{1DD8730A-719C-4CEE-A54D-AA1E5D6D2C84}.Release|Any CPU.Build.0 = Release|Any CPU
		{1DD8730A-719C-4CEE-A54D-AA1E5D6D2C84}.Release|iPhone.ActiveCfg = Release|Any CPU
		{1DD8730A-719C-4CEE-A54D-AA1E5D6D2C84}.Release|iPhone.Build.0 = Release|Any CPU
		{1DD8730A-719C-4CEE-A54D-AA1E5D6D2C84}.Release|iPhoneSimulator.ActiveCfg = Release|Any CPU
		{1DD8730A-719C-4CEE-A54D-AA1E5D6D2C84}.Release|iPhoneSimulator.Build.0 = Release|Any CPU
		{87755B9F-917A-43D7-80E4-1CE9E813B660}.Ad-Hoc|Any CPU.ActiveCfg = Release|Any CPU
		{87755B9F-917A-43D7-80E4-1CE9E813B660}.Ad-Hoc|Any CPU.Build.0 = Release|Any CPU
		{87755B9F-917A-43D7-80E4-1CE9E813B660}.Ad-Hoc|iPhone.ActiveCfg = Release|Any CPU
		{87755B9F-917A-43D7-80E4-1CE9E813B660}.Ad-Hoc|iPhone.Build.0 = Release|Any CPU
		{87755B9F-917A-43D7-80E4-1CE9E813B660}.Ad-Hoc|iPhoneSimulator.ActiveCfg = Release|Any CPU
		{87755B9F-917A-43D7-80E4-1CE9E813B660}.Ad-Hoc|iPhoneSimulator.Build.0 = Release|Any CPU
		{87755B9F-917A-43D7-80E4-1CE9E813B660}.AppStore|Any CPU.ActiveCfg = Release|Any CPU
		{87755B9F-917A-43D7-80E4-1CE9E813B660}.AppStore|Any CPU.Build.0 = Release|Any CPU
		{87755B9F-917A-43D7-80E4-1CE9E813B660}.AppStore|iPhone.ActiveCfg = Release|Any CPU
		{87755B9F-917A-43D7-80E4-1CE9E813B660}.AppStore|iPhone.Build.0 = Release|Any CPU
		{87755B9F-917A-43D7-80E4-1CE9E813B660}.AppStore|iPhoneSimulator.ActiveCfg = Release|Any CPU
		{87755B9F-917A-43D7-80E4-1CE9E813B660}.AppStore|iPhoneSimulator.Build.0 = Release|Any CPU
		{87755B9F-917A-43D7-80E4-1CE9E813B660}.Debug|Any CPU.ActiveCfg = Debug|Any CPU
		{87755B9F-917A-43D7-80E4-1CE9E813B660}.Debug|Any CPU.Build.0 = Debug|Any CPU
		{87755B9F-917A-43D7-80E4-1CE9E813B660}.Debug|iPhone.ActiveCfg = Debug|Any CPU
		{87755B9F-917A-43D7-80E4-1CE9E813B660}.Debug|iPhone.Build.0 = Debug|Any CPU
		{87755B9F-917A-43D7-80E4-1CE9E813B660}.Debug|iPhoneSimulator.ActiveCfg = Debug|Any CPU
		{87755B9F-917A-43D7-80E4-1CE9E813B660}.Debug|iPhoneSimulator.Build.0 = Debug|Any CPU
		{87755B9F-917A-43D7-80E4-1CE9E813B660}.Release|Any CPU.ActiveCfg = Release|Any CPU
		{87755B9F-917A-43D7-80E4-1CE9E813B660}.Release|Any CPU.Build.0 = Release|Any CPU
		{87755B9F-917A-43D7-80E4-1CE9E813B660}.Release|iPhone.ActiveCfg = Release|Any CPU
		{87755B9F-917A-43D7-80E4-1CE9E813B660}.Release|iPhone.Build.0 = Release|Any CPU
		{87755B9F-917A-43D7-80E4-1CE9E813B660}.Release|iPhoneSimulator.ActiveCfg = Release|Any CPU
		{87755B9F-917A-43D7-80E4-1CE9E813B660}.Release|iPhoneSimulator.Build.0 = Release|Any CPU
		{7EAC3AFA-BB03-49F7-AE33-1E61409E534B}.Ad-Hoc|Any CPU.ActiveCfg = Debug|Any CPU
		{7EAC3AFA-BB03-49F7-AE33-1E61409E534B}.Ad-Hoc|Any CPU.Build.0 = Debug|Any CPU
		{7EAC3AFA-BB03-49F7-AE33-1E61409E534B}.Ad-Hoc|iPhone.ActiveCfg = Debug|Any CPU
		{7EAC3AFA-BB03-49F7-AE33-1E61409E534B}.Ad-Hoc|iPhone.Build.0 = Debug|Any CPU
		{7EAC3AFA-BB03-49F7-AE33-1E61409E534B}.Ad-Hoc|iPhoneSimulator.ActiveCfg = Debug|Any CPU
		{7EAC3AFA-BB03-49F7-AE33-1E61409E534B}.Ad-Hoc|iPhoneSimulator.Build.0 = Debug|Any CPU
		{7EAC3AFA-BB03-49F7-AE33-1E61409E534B}.AppStore|Any CPU.ActiveCfg = Debug|Any CPU
		{7EAC3AFA-BB03-49F7-AE33-1E61409E534B}.AppStore|Any CPU.Build.0 = Debug|Any CPU
		{7EAC3AFA-BB03-49F7-AE33-1E61409E534B}.AppStore|iPhone.ActiveCfg = Debug|Any CPU
		{7EAC3AFA-BB03-49F7-AE33-1E61409E534B}.AppStore|iPhone.Build.0 = Debug|Any CPU
		{7EAC3AFA-BB03-49F7-AE33-1E61409E534B}.AppStore|iPhoneSimulator.ActiveCfg = Debug|Any CPU
		{7EAC3AFA-BB03-49F7-AE33-1E61409E534B}.AppStore|iPhoneSimulator.Build.0 = Debug|Any CPU
		{7EAC3AFA-BB03-49F7-AE33-1E61409E534B}.Debug|Any CPU.ActiveCfg = Debug|Any CPU
		{7EAC3AFA-BB03-49F7-AE33-1E61409E534B}.Debug|Any CPU.Build.0 = Debug|Any CPU
		{7EAC3AFA-BB03-49F7-AE33-1E61409E534B}.Debug|iPhone.ActiveCfg = Debug|Any CPU
		{7EAC3AFA-BB03-49F7-AE33-1E61409E534B}.Debug|iPhone.Build.0 = Debug|Any CPU
		{7EAC3AFA-BB03-49F7-AE33-1E61409E534B}.Debug|iPhoneSimulator.ActiveCfg = Debug|Any CPU
		{7EAC3AFA-BB03-49F7-AE33-1E61409E534B}.Debug|iPhoneSimulator.Build.0 = Debug|Any CPU
		{7EAC3AFA-BB03-49F7-AE33-1E61409E534B}.Release|Any CPU.ActiveCfg = Release|Any CPU
		{7EAC3AFA-BB03-49F7-AE33-1E61409E534B}.Release|Any CPU.Build.0 = Release|Any CPU
		{7EAC3AFA-BB03-49F7-AE33-1E61409E534B}.Release|iPhone.ActiveCfg = Release|Any CPU
		{7EAC3AFA-BB03-49F7-AE33-1E61409E534B}.Release|iPhone.Build.0 = Release|Any CPU
		{7EAC3AFA-BB03-49F7-AE33-1E61409E534B}.Release|iPhoneSimulator.ActiveCfg = Release|Any CPU
		{7EAC3AFA-BB03-49F7-AE33-1E61409E534B}.Release|iPhoneSimulator.Build.0 = Release|Any CPU
		{F5528CB8-9B5C-4BF5-B32C-CF069280F944}.Ad-Hoc|Any CPU.ActiveCfg = Debug|Any CPU
		{F5528CB8-9B5C-4BF5-B32C-CF069280F944}.Ad-Hoc|Any CPU.Build.0 = Debug|Any CPU
		{F5528CB8-9B5C-4BF5-B32C-CF069280F944}.Ad-Hoc|iPhone.ActiveCfg = Debug|Any CPU
		{F5528CB8-9B5C-4BF5-B32C-CF069280F944}.Ad-Hoc|iPhone.Build.0 = Debug|Any CPU
		{F5528CB8-9B5C-4BF5-B32C-CF069280F944}.Ad-Hoc|iPhoneSimulator.ActiveCfg = Debug|Any CPU
		{F5528CB8-9B5C-4BF5-B32C-CF069280F944}.Ad-Hoc|iPhoneSimulator.Build.0 = Debug|Any CPU
		{F5528CB8-9B5C-4BF5-B32C-CF069280F944}.AppStore|Any CPU.ActiveCfg = Debug|Any CPU
		{F5528CB8-9B5C-4BF5-B32C-CF069280F944}.AppStore|Any CPU.Build.0 = Debug|Any CPU
		{F5528CB8-9B5C-4BF5-B32C-CF069280F944}.AppStore|iPhone.ActiveCfg = Debug|Any CPU
		{F5528CB8-9B5C-4BF5-B32C-CF069280F944}.AppStore|iPhone.Build.0 = Debug|Any CPU
		{F5528CB8-9B5C-4BF5-B32C-CF069280F944}.AppStore|iPhoneSimulator.ActiveCfg = Debug|Any CPU
		{F5528CB8-9B5C-4BF5-B32C-CF069280F944}.AppStore|iPhoneSimulator.Build.0 = Debug|Any CPU
		{F5528CB8-9B5C-4BF5-B32C-CF069280F944}.Debug|Any CPU.ActiveCfg = Debug|Any CPU
		{F5528CB8-9B5C-4BF5-B32C-CF069280F944}.Debug|Any CPU.Build.0 = Debug|Any CPU
		{F5528CB8-9B5C-4BF5-B32C-CF069280F944}.Debug|iPhone.ActiveCfg = Debug|Any CPU
		{F5528CB8-9B5C-4BF5-B32C-CF069280F944}.Debug|iPhone.Build.0 = Debug|Any CPU
		{F5528CB8-9B5C-4BF5-B32C-CF069280F944}.Debug|iPhoneSimulator.ActiveCfg = Debug|Any CPU
		{F5528CB8-9B5C-4BF5-B32C-CF069280F944}.Debug|iPhoneSimulator.Build.0 = Debug|Any CPU
		{F5528CB8-9B5C-4BF5-B32C-CF069280F944}.Release|Any CPU.ActiveCfg = Release|Any CPU
		{F5528CB8-9B5C-4BF5-B32C-CF069280F944}.Release|Any CPU.Build.0 = Release|Any CPU
		{F5528CB8-9B5C-4BF5-B32C-CF069280F944}.Release|iPhone.ActiveCfg = Release|Any CPU
		{F5528CB8-9B5C-4BF5-B32C-CF069280F944}.Release|iPhone.Build.0 = Release|Any CPU
		{F5528CB8-9B5C-4BF5-B32C-CF069280F944}.Release|iPhoneSimulator.ActiveCfg = Release|Any CPU
		{F5528CB8-9B5C-4BF5-B32C-CF069280F944}.Release|iPhoneSimulator.Build.0 = Release|Any CPU
		{4BD57CC2-6D0D-4B40-9260-970728503282}.Ad-Hoc|Any CPU.ActiveCfg = Debug|Any CPU
		{4BD57CC2-6D0D-4B40-9260-970728503282}.Ad-Hoc|Any CPU.Build.0 = Debug|Any CPU
		{4BD57CC2-6D0D-4B40-9260-970728503282}.Ad-Hoc|iPhone.ActiveCfg = Debug|Any CPU
		{4BD57CC2-6D0D-4B40-9260-970728503282}.Ad-Hoc|iPhone.Build.0 = Debug|Any CPU
		{4BD57CC2-6D0D-4B40-9260-970728503282}.Ad-Hoc|iPhoneSimulator.ActiveCfg = Debug|Any CPU
		{4BD57CC2-6D0D-4B40-9260-970728503282}.Ad-Hoc|iPhoneSimulator.Build.0 = Debug|Any CPU
		{4BD57CC2-6D0D-4B40-9260-970728503282}.AppStore|Any CPU.ActiveCfg = Debug|Any CPU
		{4BD57CC2-6D0D-4B40-9260-970728503282}.AppStore|Any CPU.Build.0 = Debug|Any CPU
		{4BD57CC2-6D0D-4B40-9260-970728503282}.AppStore|iPhone.ActiveCfg = Debug|Any CPU
		{4BD57CC2-6D0D-4B40-9260-970728503282}.AppStore|iPhone.Build.0 = Debug|Any CPU
		{4BD57CC2-6D0D-4B40-9260-970728503282}.AppStore|iPhoneSimulator.ActiveCfg = Debug|Any CPU
		{4BD57CC2-6D0D-4B40-9260-970728503282}.AppStore|iPhoneSimulator.Build.0 = Debug|Any CPU
		{4BD57CC2-6D0D-4B40-9260-970728503282}.Debug|Any CPU.ActiveCfg = Debug|Any CPU
		{4BD57CC2-6D0D-4B40-9260-970728503282}.Debug|Any CPU.Build.0 = Debug|Any CPU
		{4BD57CC2-6D0D-4B40-9260-970728503282}.Debug|iPhone.ActiveCfg = Debug|Any CPU
		{4BD57CC2-6D0D-4B40-9260-970728503282}.Debug|iPhone.Build.0 = Debug|Any CPU
		{4BD57CC2-6D0D-4B40-9260-970728503282}.Debug|iPhoneSimulator.ActiveCfg = Debug|Any CPU
		{4BD57CC2-6D0D-4B40-9260-970728503282}.Debug|iPhoneSimulator.Build.0 = Debug|Any CPU
		{4BD57CC2-6D0D-4B40-9260-970728503282}.Release|Any CPU.ActiveCfg = Release|Any CPU
		{4BD57CC2-6D0D-4B40-9260-970728503282}.Release|Any CPU.Build.0 = Release|Any CPU
		{4BD57CC2-6D0D-4B40-9260-970728503282}.Release|iPhone.ActiveCfg = Release|Any CPU
		{4BD57CC2-6D0D-4B40-9260-970728503282}.Release|iPhone.Build.0 = Release|Any CPU
		{4BD57CC2-6D0D-4B40-9260-970728503282}.Release|iPhoneSimulator.ActiveCfg = Release|Any CPU
		{4BD57CC2-6D0D-4B40-9260-970728503282}.Release|iPhoneSimulator.Build.0 = Release|Any CPU
		{E24DEAA2-0FD4-4D9E-BBCE-82EC36433075}.Ad-Hoc|Any CPU.ActiveCfg = Debug|Any CPU
		{E24DEAA2-0FD4-4D9E-BBCE-82EC36433075}.Ad-Hoc|Any CPU.Build.0 = Debug|Any CPU
		{E24DEAA2-0FD4-4D9E-BBCE-82EC36433075}.Ad-Hoc|iPhone.ActiveCfg = Debug|Any CPU
		{E24DEAA2-0FD4-4D9E-BBCE-82EC36433075}.Ad-Hoc|iPhone.Build.0 = Debug|Any CPU
		{E24DEAA2-0FD4-4D9E-BBCE-82EC36433075}.Ad-Hoc|iPhoneSimulator.ActiveCfg = Debug|Any CPU
		{E24DEAA2-0FD4-4D9E-BBCE-82EC36433075}.Ad-Hoc|iPhoneSimulator.Build.0 = Debug|Any CPU
		{E24DEAA2-0FD4-4D9E-BBCE-82EC36433075}.AppStore|Any CPU.ActiveCfg = Debug|Any CPU
		{E24DEAA2-0FD4-4D9E-BBCE-82EC36433075}.AppStore|Any CPU.Build.0 = Debug|Any CPU
		{E24DEAA2-0FD4-4D9E-BBCE-82EC36433075}.AppStore|iPhone.ActiveCfg = Debug|Any CPU
		{E24DEAA2-0FD4-4D9E-BBCE-82EC36433075}.AppStore|iPhone.Build.0 = Debug|Any CPU
		{E24DEAA2-0FD4-4D9E-BBCE-82EC36433075}.AppStore|iPhoneSimulator.ActiveCfg = Debug|Any CPU
		{E24DEAA2-0FD4-4D9E-BBCE-82EC36433075}.AppStore|iPhoneSimulator.Build.0 = Debug|Any CPU
		{E24DEAA2-0FD4-4D9E-BBCE-82EC36433075}.Debug|Any CPU.ActiveCfg = Debug|Any CPU
		{E24DEAA2-0FD4-4D9E-BBCE-82EC36433075}.Debug|Any CPU.Build.0 = Debug|Any CPU
		{E24DEAA2-0FD4-4D9E-BBCE-82EC36433075}.Debug|iPhone.ActiveCfg = Debug|Any CPU
		{E24DEAA2-0FD4-4D9E-BBCE-82EC36433075}.Debug|iPhone.Build.0 = Debug|Any CPU
		{E24DEAA2-0FD4-4D9E-BBCE-82EC36433075}.Debug|iPhoneSimulator.ActiveCfg = Debug|Any CPU
		{E24DEAA2-0FD4-4D9E-BBCE-82EC36433075}.Debug|iPhoneSimulator.Build.0 = Debug|Any CPU
		{E24DEAA2-0FD4-4D9E-BBCE-82EC36433075}.Release|Any CPU.ActiveCfg = Release|Any CPU
		{E24DEAA2-0FD4-4D9E-BBCE-82EC36433075}.Release|Any CPU.Build.0 = Release|Any CPU
		{E24DEAA2-0FD4-4D9E-BBCE-82EC36433075}.Release|iPhone.ActiveCfg = Release|Any CPU
		{E24DEAA2-0FD4-4D9E-BBCE-82EC36433075}.Release|iPhone.Build.0 = Release|Any CPU
		{E24DEAA2-0FD4-4D9E-BBCE-82EC36433075}.Release|iPhoneSimulator.ActiveCfg = Release|Any CPU
		{E24DEAA2-0FD4-4D9E-BBCE-82EC36433075}.Release|iPhoneSimulator.Build.0 = Release|Any CPU
	EndGlobalSection
	GlobalSection(SolutionProperties) = preSolution
		HideSolutionNode = FALSE
	EndGlobalSection
	GlobalSection(NestedProjects) = preSolution
		{5061A042-5EEE-4F19-9827-CBB8AC8666F6} = {4AFB0F25-7AEB-4FEA-854A-EDA241499EF0}
		{298A3723-97DB-436C-A016-F8D00228DFB4} = {750E39CA-CCBF-43D5-A7A5-AE30F9FE11CB}
		{1DD8730A-719C-4CEE-A54D-AA1E5D6D2C84} = {CDE66104-C1CE-41D6-9321-7B3E3AE27028}
		{87755B9F-917A-43D7-80E4-1CE9E813B660} = {750E39CA-CCBF-43D5-A7A5-AE30F9FE11CB}
		{7EAC3AFA-BB03-49F7-AE33-1E61409E534B} = {750E39CA-CCBF-43D5-A7A5-AE30F9FE11CB}
		{E92D78B8-B723-45E4-8030-F8C86030D4D4} = {750E39CA-CCBF-43D5-A7A5-AE30F9FE11CB}
		{F5528CB8-9B5C-4BF5-B32C-CF069280F944} = {E92D78B8-B723-45E4-8030-F8C86030D4D4}
		{E24DEAA2-0FD4-4D9E-BBCE-82EC36433075} = {CDE66104-C1CE-41D6-9321-7B3E3AE27028}
	EndGlobalSection
	GlobalSection(ExtensibilityGlobals) = postSolution
		SolutionGuid = {EE3D6389-1943-4B69-A546-7298A23FA98A}
	EndGlobalSection
EndGlobal
