
Microsoft Visual Studio Solution File, Format Version 12.00
# Visual Studio Version 16
VisualStudioVersion = 16.0.29926.136
MinimumVisualStudioVersion = 10.0.40219.1
Project("{9A19103F-16F7-4668-BE54-9A1E7A4F7556}") = "BudgetUnderControl.Tests", "..\tests\BudgetUnderControl.Tests\BudgetUnderControl.Tests.csproj", "{5061A042-5EEE-4F19-9827-CBB8AC8666F6}"
EndProject
Project("{9A19103F-16F7-4668-BE54-9A1E7A4F7556}") = "BudgetUnderControl.API", "BudgetUnderControl.API\BudgetUnderControl.API.csproj", "{7EAC3AFA-BB03-49F7-AE33-1E61409E534B}"
EndProject
Project("{2150E333-8FDC-42A3-9474-1A3956D46DE8}") = "Database", "Database", "{E92D78B8-B723-45E4-8030-F8C86030D4D4}"
EndProject
Project("{9A19103F-16F7-4668-BE54-9A1E7A4F7556}") = "BudgetUnderControl.Migrations.SqlServer", "Database\BudgetUnderControl.Migrations.SqlServer\BudgetUnderControl.Migrations.SqlServer.csproj", "{F5528CB8-9B5C-4BF5-B32C-CF069280F944}"
EndProject
Project("{E53339B2-1760-4266-BCC7-CA923CBCF16C}") = "docker-compose", "docker-compose.dcproj", "{4BD57CC2-6D0D-4B40-9260-970728503282}"
EndProject
Project("{2150E333-8FDC-42A3-9474-1A3956D46DE8}") = "API", "API", "{750E39CA-CCBF-43D5-A7A5-AE30F9FE11CB}"
EndProject
Project("{2150E333-8FDC-42A3-9474-1A3956D46DE8}") = "Tests", "Tests", "{4AFB0F25-7AEB-4FEA-854A-EDA241499EF0}"
EndProject
Project("{2150E333-8FDC-42A3-9474-1A3956D46DE8}") = "Modules", "Modules", "{F4E0A1C6-D90C-4927-83B1-0AC9D50FD34F}"
EndProject
Project("{2150E333-8FDC-42A3-9474-1A3956D46DE8}") = "Transactions", "Transactions", "{426E86C2-2F72-4E34-94CE-58BE2525AF83}"
EndProject
Project("{9A19103F-16F7-4668-BE54-9A1E7A4F7556}") = "BudgetUnderControl.Modules.Transactions.Application", "Modules\Transactions\Application\BudgetUnderControl.Modules.Transactions.Application.csproj", "{2C4788CC-3476-46A8-9C6F-C3CB7AE72C5E}"
EndProject
Project("{9A19103F-16F7-4668-BE54-9A1E7A4F7556}") = "BudgetUnderControl.Modules.Transactions.Infrastructure", "Modules\Transactions\Infrastructure\BudgetUnderControl.Modules.Transactions.Infrastructure.csproj", "{6C0F7C4E-5537-4732-9A73-4546F820013A}"
EndProject
Project("{9A19103F-16F7-4668-BE54-9A1E7A4F7556}") = "BudgetUnderControl.Modules.Transactions.Core", "Modules\Transactions\Core\BudgetUnderControl.Modules.Transactions.Core.csproj", "{D44E0817-46EE-40C3-9CBC-539A877461C0}"
EndProject
Project("{9A19103F-16F7-4668-BE54-9A1E7A4F7556}") = "BudgetUnderControl.Modules.Transactions.Api", "Modules\Transactions\Api\BudgetUnderControl.Modules.Transactions.Api.csproj", "{24C12647-E12A-440A-B4C9-8EB7922EEAD5}"
EndProject
Project("{2150E333-8FDC-42A3-9474-1A3956D46DE8}") = "Shared", "Shared", "{6EB40C80-306F-4ADD-9068-C8FFCE492082}"
EndProject
Project("{9A19103F-16F7-4668-BE54-9A1E7A4F7556}") = "BudgetUnderControl.Shared.Infrastructure", "Shared\BudgetUnderControl.Shared.Infrastructure\BudgetUnderControl.Shared.Infrastructure.csproj", "{D75C28D2-5D3F-4420-B836-D6C9F3ADA45E}"
EndProject
Global
	GlobalSection(SolutionConfigurationPlatforms) = preSolution
		Ad-Hoc|Any CPU = Ad-Hoc|Any CPU
		Ad-Hoc|iPhone = Ad-Hoc|iPhone
		Ad-Hoc|iPhoneSimulator = Ad-Hoc|iPhoneSimulator
		AppStore|Any CPU = AppStore|Any CPU
		AppStore|iPhone = AppStore|iPhone
		AppStore|iPhoneSimulator = AppStore|iPhoneSimulator
		Debug|Any CPU = Debug|Any CPU
		Debug|iPhone = Debug|iPhone
		Debug|iPhoneSimulator = Debug|iPhoneSimulator
		Release|Any CPU = Release|Any CPU
		Release|iPhone = Release|iPhone
		Release|iPhoneSimulator = Release|iPhoneSimulator
	EndGlobalSection
	GlobalSection(ProjectConfigurationPlatforms) = postSolution
		{5061A042-5EEE-4F19-9827-CBB8AC8666F6}.Ad-Hoc|Any CPU.ActiveCfg = Debug|Any CPU
		{5061A042-5EEE-4F19-9827-CBB8AC8666F6}.Ad-Hoc|Any CPU.Build.0 = Debug|Any CPU
		{5061A042-5EEE-4F19-9827-CBB8AC8666F6}.Ad-Hoc|iPhone.ActiveCfg = Debug|Any CPU
		{5061A042-5EEE-4F19-9827-CBB8AC8666F6}.Ad-Hoc|iPhone.Build.0 = Debug|Any CPU
		{5061A042-5EEE-4F19-9827-CBB8AC8666F6}.Ad-Hoc|iPhoneSimulator.ActiveCfg = Debug|Any CPU
		{5061A042-5EEE-4F19-9827-CBB8AC8666F6}.Ad-Hoc|iPhoneSimulator.Build.0 = Debug|Any CPU
		{5061A042-5EEE-4F19-9827-CBB8AC8666F6}.AppStore|Any CPU.ActiveCfg = Debug|Any CPU
		{5061A042-5EEE-4F19-9827-CBB8AC8666F6}.AppStore|Any CPU.Build.0 = Debug|Any CPU
		{5061A042-5EEE-4F19-9827-CBB8AC8666F6}.AppStore|iPhone.ActiveCfg = Debug|Any CPU
		{5061A042-5EEE-4F19-9827-CBB8AC8666F6}.AppStore|iPhone.Build.0 = Debug|Any CPU
		{5061A042-5EEE-4F19-9827-CBB8AC8666F6}.AppStore|iPhoneSimulator.ActiveCfg = Debug|Any CPU
		{5061A042-5EEE-4F19-9827-CBB8AC8666F6}.AppStore|iPhoneSimulator.Build.0 = Debug|Any CPU
		{5061A042-5EEE-4F19-9827-CBB8AC8666F6}.Debug|Any CPU.ActiveCfg = Debug|Any CPU
		{5061A042-5EEE-4F19-9827-CBB8AC8666F6}.Debug|Any CPU.Build.0 = Debug|Any CPU
		{5061A042-5EEE-4F19-9827-CBB8AC8666F6}.Debug|iPhone.ActiveCfg = Debug|Any CPU
		{5061A042-5EEE-4F19-9827-CBB8AC8666F6}.Debug|iPhone.Build.0 = Debug|Any CPU
		{5061A042-5EEE-4F19-9827-CBB8AC8666F6}.Debug|iPhoneSimulator.ActiveCfg = Debug|Any CPU
		{5061A042-5EEE-4F19-9827-CBB8AC8666F6}.Debug|iPhoneSimulator.Build.0 = Debug|Any CPU
		{5061A042-5EEE-4F19-9827-CBB8AC8666F6}.Release|Any CPU.ActiveCfg = Release|Any CPU
		{5061A042-5EEE-4F19-9827-CBB8AC8666F6}.Release|Any CPU.Build.0 = Release|Any CPU
		{5061A042-5EEE-4F19-9827-CBB8AC8666F6}.Release|iPhone.ActiveCfg = Release|Any CPU
		{5061A042-5EEE-4F19-9827-CBB8AC8666F6}.Release|iPhone.Build.0 = Release|Any CPU
		{5061A042-5EEE-4F19-9827-CBB8AC8666F6}.Release|iPhoneSimulator.ActiveCfg = Release|Any CPU
		{5061A042-5EEE-4F19-9827-CBB8AC8666F6}.Release|iPhoneSimulator.Build.0 = Release|Any CPU
		{7EAC3AFA-BB03-49F7-AE33-1E61409E534B}.Ad-Hoc|Any CPU.ActiveCfg = Debug|Any CPU
		{7EAC3AFA-BB03-49F7-AE33-1E61409E534B}.Ad-Hoc|Any CPU.Build.0 = Debug|Any CPU
		{7EAC3AFA-BB03-49F7-AE33-1E61409E534B}.Ad-Hoc|iPhone.ActiveCfg = Debug|Any CPU
		{7EAC3AFA-BB03-49F7-AE33-1E61409E534B}.Ad-Hoc|iPhone.Build.0 = Debug|Any CPU
		{7EAC3AFA-BB03-49F7-AE33-1E61409E534B}.Ad-Hoc|iPhoneSimulator.ActiveCfg = Debug|Any CPU
		{7EAC3AFA-BB03-49F7-AE33-1E61409E534B}.Ad-Hoc|iPhoneSimulator.Build.0 = Debug|Any CPU
		{7EAC3AFA-BB03-49F7-AE33-1E61409E534B}.AppStore|Any CPU.ActiveCfg = Debug|Any CPU
		{7EAC3AFA-BB03-49F7-AE33-1E61409E534B}.AppStore|Any CPU.Build.0 = Debug|Any CPU
		{7EAC3AFA-BB03-49F7-AE33-1E61409E534B}.AppStore|iPhone.ActiveCfg = Debug|Any CPU
		{7EAC3AFA-BB03-49F7-AE33-1E61409E534B}.AppStore|iPhone.Build.0 = Debug|Any CPU
		{7EAC3AFA-BB03-49F7-AE33-1E61409E534B}.AppStore|iPhoneSimulator.ActiveCfg = Debug|Any CPU
		{7EAC3AFA-BB03-49F7-AE33-1E61409E534B}.AppStore|iPhoneSimulator.Build.0 = Debug|Any CPU
		{7EAC3AFA-BB03-49F7-AE33-1E61409E534B}.Debug|Any CPU.ActiveCfg = Debug|Any CPU
		{7EAC3AFA-BB03-49F7-AE33-1E61409E534B}.Debug|Any CPU.Build.0 = Debug|Any CPU
		{7EAC3AFA-BB03-49F7-AE33-1E61409E534B}.Debug|iPhone.ActiveCfg = Debug|Any CPU
		{7EAC3AFA-BB03-49F7-AE33-1E61409E534B}.Debug|iPhone.Build.0 = Debug|Any CPU
		{7EAC3AFA-BB03-49F7-AE33-1E61409E534B}.Debug|iPhoneSimulator.ActiveCfg = Debug|Any CPU
		{7EAC3AFA-BB03-49F7-AE33-1E61409E534B}.Debug|iPhoneSimulator.Build.0 = Debug|Any CPU
		{7EAC3AFA-BB03-49F7-AE33-1E61409E534B}.Release|Any CPU.ActiveCfg = Release|Any CPU
		{7EAC3AFA-BB03-49F7-AE33-1E61409E534B}.Release|Any CPU.Build.0 = Release|Any CPU
		{7EAC3AFA-BB03-49F7-AE33-1E61409E534B}.Release|iPhone.ActiveCfg = Release|Any CPU
		{7EAC3AFA-BB03-49F7-AE33-1E61409E534B}.Release|iPhone.Build.0 = Release|Any CPU
		{7EAC3AFA-BB03-49F7-AE33-1E61409E534B}.Release|iPhoneSimulator.ActiveCfg = Release|Any CPU
		{7EAC3AFA-BB03-49F7-AE33-1E61409E534B}.Release|iPhoneSimulator.Build.0 = Release|Any CPU
		{F5528CB8-9B5C-4BF5-B32C-CF069280F944}.Ad-Hoc|Any CPU.ActiveCfg = Debug|Any CPU
		{F5528CB8-9B5C-4BF5-B32C-CF069280F944}.Ad-Hoc|Any CPU.Build.0 = Debug|Any CPU
		{F5528CB8-9B5C-4BF5-B32C-CF069280F944}.Ad-Hoc|iPhone.ActiveCfg = Debug|Any CPU
		{F5528CB8-9B5C-4BF5-B32C-CF069280F944}.Ad-Hoc|iPhone.Build.0 = Debug|Any CPU
		{F5528CB8-9B5C-4BF5-B32C-CF069280F944}.Ad-Hoc|iPhoneSimulator.ActiveCfg = Debug|Any CPU
		{F5528CB8-9B5C-4BF5-B32C-CF069280F944}.Ad-Hoc|iPhoneSimulator.Build.0 = Debug|Any CPU
		{F5528CB8-9B5C-4BF5-B32C-CF069280F944}.AppStore|Any CPU.ActiveCfg = Debug|Any CPU
		{F5528CB8-9B5C-4BF5-B32C-CF069280F944}.AppStore|Any CPU.Build.0 = Debug|Any CPU
		{F5528CB8-9B5C-4BF5-B32C-CF069280F944}.AppStore|iPhone.ActiveCfg = Debug|Any CPU
		{F5528CB8-9B5C-4BF5-B32C-CF069280F944}.AppStore|iPhone.Build.0 = Debug|Any CPU
		{F5528CB8-9B5C-4BF5-B32C-CF069280F944}.AppStore|iPhoneSimulator.ActiveCfg = Debug|Any CPU
		{F5528CB8-9B5C-4BF5-B32C-CF069280F944}.AppStore|iPhoneSimulator.Build.0 = Debug|Any CPU
		{F5528CB8-9B5C-4BF5-B32C-CF069280F944}.Debug|Any CPU.ActiveCfg = Debug|Any CPU
		{F5528CB8-9B5C-4BF5-B32C-CF069280F944}.Debug|Any CPU.Build.0 = Debug|Any CPU
		{F5528CB8-9B5C-4BF5-B32C-CF069280F944}.Debug|iPhone.ActiveCfg = Debug|Any CPU
		{F5528CB8-9B5C-4BF5-B32C-CF069280F944}.Debug|iPhone.Build.0 = Debug|Any CPU
		{F5528CB8-9B5C-4BF5-B32C-CF069280F944}.Debug|iPhoneSimulator.ActiveCfg = Debug|Any CPU
		{F5528CB8-9B5C-4BF5-B32C-CF069280F944}.Debug|iPhoneSimulator.Build.0 = Debug|Any CPU
		{F5528CB8-9B5C-4BF5-B32C-CF069280F944}.Release|Any CPU.ActiveCfg = Release|Any CPU
		{F5528CB8-9B5C-4BF5-B32C-CF069280F944}.Release|Any CPU.Build.0 = Release|Any CPU
		{F5528CB8-9B5C-4BF5-B32C-CF069280F944}.Release|iPhone.ActiveCfg = Release|Any CPU
		{F5528CB8-9B5C-4BF5-B32C-CF069280F944}.Release|iPhone.Build.0 = Release|Any CPU
		{F5528CB8-9B5C-4BF5-B32C-CF069280F944}.Release|iPhoneSimulator.ActiveCfg = Release|Any CPU
		{F5528CB8-9B5C-4BF5-B32C-CF069280F944}.Release|iPhoneSimulator.Build.0 = Release|Any CPU
		{4BD57CC2-6D0D-4B40-9260-970728503282}.Ad-Hoc|Any CPU.ActiveCfg = Debug|Any CPU
		{4BD57CC2-6D0D-4B40-9260-970728503282}.Ad-Hoc|Any CPU.Build.0 = Debug|Any CPU
		{4BD57CC2-6D0D-4B40-9260-970728503282}.Ad-Hoc|iPhone.ActiveCfg = Debug|Any CPU
		{4BD57CC2-6D0D-4B40-9260-970728503282}.Ad-Hoc|iPhone.Build.0 = Debug|Any CPU
		{4BD57CC2-6D0D-4B40-9260-970728503282}.Ad-Hoc|iPhoneSimulator.ActiveCfg = Debug|Any CPU
		{4BD57CC2-6D0D-4B40-9260-970728503282}.Ad-Hoc|iPhoneSimulator.Build.0 = Debug|Any CPU
		{4BD57CC2-6D0D-4B40-9260-970728503282}.AppStore|Any CPU.ActiveCfg = Debug|Any CPU
		{4BD57CC2-6D0D-4B40-9260-970728503282}.AppStore|Any CPU.Build.0 = Debug|Any CPU
		{4BD57CC2-6D0D-4B40-9260-970728503282}.AppStore|iPhone.ActiveCfg = Debug|Any CPU
		{4BD57CC2-6D0D-4B40-9260-970728503282}.AppStore|iPhone.Build.0 = Debug|Any CPU
		{4BD57CC2-6D0D-4B40-9260-970728503282}.AppStore|iPhoneSimulator.ActiveCfg = Debug|Any CPU
		{4BD57CC2-6D0D-4B40-9260-970728503282}.AppStore|iPhoneSimulator.Build.0 = Debug|Any CPU
		{4BD57CC2-6D0D-4B40-9260-970728503282}.Debug|Any CPU.ActiveCfg = Debug|Any CPU
		{4BD57CC2-6D0D-4B40-9260-970728503282}.Debug|Any CPU.Build.0 = Debug|Any CPU
		{4BD57CC2-6D0D-4B40-9260-970728503282}.Debug|iPhone.ActiveCfg = Debug|Any CPU
		{4BD57CC2-6D0D-4B40-9260-970728503282}.Debug|iPhone.Build.0 = Debug|Any CPU
		{4BD57CC2-6D0D-4B40-9260-970728503282}.Debug|iPhoneSimulator.ActiveCfg = Debug|Any CPU
		{4BD57CC2-6D0D-4B40-9260-970728503282}.Debug|iPhoneSimulator.Build.0 = Debug|Any CPU
		{4BD57CC2-6D0D-4B40-9260-970728503282}.Release|Any CPU.ActiveCfg = Release|Any CPU
		{4BD57CC2-6D0D-4B40-9260-970728503282}.Release|Any CPU.Build.0 = Release|Any CPU
		{4BD57CC2-6D0D-4B40-9260-970728503282}.Release|iPhone.ActiveCfg = Release|Any CPU
		{4BD57CC2-6D0D-4B40-9260-970728503282}.Release|iPhone.Build.0 = Release|Any CPU
		{4BD57CC2-6D0D-4B40-9260-970728503282}.Release|iPhoneSimulator.ActiveCfg = Release|Any CPU
		{4BD57CC2-6D0D-4B40-9260-970728503282}.Release|iPhoneSimulator.Build.0 = Release|Any CPU
		{2C4788CC-3476-46A8-9C6F-C3CB7AE72C5E}.Ad-Hoc|Any CPU.ActiveCfg = Debug|Any CPU
		{2C4788CC-3476-46A8-9C6F-C3CB7AE72C5E}.Ad-Hoc|Any CPU.Build.0 = Debug|Any CPU
		{2C4788CC-3476-46A8-9C6F-C3CB7AE72C5E}.Ad-Hoc|iPhone.ActiveCfg = Debug|Any CPU
		{2C4788CC-3476-46A8-9C6F-C3CB7AE72C5E}.Ad-Hoc|iPhone.Build.0 = Debug|Any CPU
		{2C4788CC-3476-46A8-9C6F-C3CB7AE72C5E}.Ad-Hoc|iPhoneSimulator.ActiveCfg = Debug|Any CPU
		{2C4788CC-3476-46A8-9C6F-C3CB7AE72C5E}.Ad-Hoc|iPhoneSimulator.Build.0 = Debug|Any CPU
		{2C4788CC-3476-46A8-9C6F-C3CB7AE72C5E}.AppStore|Any CPU.ActiveCfg = Debug|Any CPU
		{2C4788CC-3476-46A8-9C6F-C3CB7AE72C5E}.AppStore|Any CPU.Build.0 = Debug|Any CPU
		{2C4788CC-3476-46A8-9C6F-C3CB7AE72C5E}.AppStore|iPhone.ActiveCfg = Debug|Any CPU
		{2C4788CC-3476-46A8-9C6F-C3CB7AE72C5E}.AppStore|iPhone.Build.0 = Debug|Any CPU
		{2C4788CC-3476-46A8-9C6F-C3CB7AE72C5E}.AppStore|iPhoneSimulator.ActiveCfg = Debug|Any CPU
		{2C4788CC-3476-46A8-9C6F-C3CB7AE72C5E}.AppStore|iPhoneSimulator.Build.0 = Debug|Any CPU
		{2C4788CC-3476-46A8-9C6F-C3CB7AE72C5E}.Debug|Any CPU.ActiveCfg = Debug|Any CPU
		{2C4788CC-3476-46A8-9C6F-C3CB7AE72C5E}.Debug|Any CPU.Build.0 = Debug|Any CPU
		{2C4788CC-3476-46A8-9C6F-C3CB7AE72C5E}.Debug|iPhone.ActiveCfg = Debug|Any CPU
		{2C4788CC-3476-46A8-9C6F-C3CB7AE72C5E}.Debug|iPhone.Build.0 = Debug|Any CPU
		{2C4788CC-3476-46A8-9C6F-C3CB7AE72C5E}.Debug|iPhoneSimulator.ActiveCfg = Debug|Any CPU
		{2C4788CC-3476-46A8-9C6F-C3CB7AE72C5E}.Debug|iPhoneSimulator.Build.0 = Debug|Any CPU
		{2C4788CC-3476-46A8-9C6F-C3CB7AE72C5E}.Release|Any CPU.ActiveCfg = Release|Any CPU
		{2C4788CC-3476-46A8-9C6F-C3CB7AE72C5E}.Release|Any CPU.Build.0 = Release|Any CPU
		{2C4788CC-3476-46A8-9C6F-C3CB7AE72C5E}.Release|iPhone.ActiveCfg = Release|Any CPU
		{2C4788CC-3476-46A8-9C6F-C3CB7AE72C5E}.Release|iPhone.Build.0 = Release|Any CPU
		{2C4788CC-3476-46A8-9C6F-C3CB7AE72C5E}.Release|iPhoneSimulator.ActiveCfg = Release|Any CPU
		{2C4788CC-3476-46A8-9C6F-C3CB7AE72C5E}.Release|iPhoneSimulator.Build.0 = Release|Any CPU
		{6C0F7C4E-5537-4732-9A73-4546F820013A}.Ad-Hoc|Any CPU.ActiveCfg = Debug|Any CPU
		{6C0F7C4E-5537-4732-9A73-4546F820013A}.Ad-Hoc|Any CPU.Build.0 = Debug|Any CPU
		{6C0F7C4E-5537-4732-9A73-4546F820013A}.Ad-Hoc|iPhone.ActiveCfg = Debug|Any CPU
		{6C0F7C4E-5537-4732-9A73-4546F820013A}.Ad-Hoc|iPhone.Build.0 = Debug|Any CPU
		{6C0F7C4E-5537-4732-9A73-4546F820013A}.Ad-Hoc|iPhoneSimulator.ActiveCfg = Debug|Any CPU
		{6C0F7C4E-5537-4732-9A73-4546F820013A}.Ad-Hoc|iPhoneSimulator.Build.0 = Debug|Any CPU
		{6C0F7C4E-5537-4732-9A73-4546F820013A}.AppStore|Any CPU.ActiveCfg = Debug|Any CPU
		{6C0F7C4E-5537-4732-9A73-4546F820013A}.AppStore|Any CPU.Build.0 = Debug|Any CPU
		{6C0F7C4E-5537-4732-9A73-4546F820013A}.AppStore|iPhone.ActiveCfg = Debug|Any CPU
		{6C0F7C4E-5537-4732-9A73-4546F820013A}.AppStore|iPhone.Build.0 = Debug|Any CPU
		{6C0F7C4E-5537-4732-9A73-4546F820013A}.AppStore|iPhoneSimulator.ActiveCfg = Debug|Any CPU
		{6C0F7C4E-5537-4732-9A73-4546F820013A}.AppStore|iPhoneSimulator.Build.0 = Debug|Any CPU
		{6C0F7C4E-5537-4732-9A73-4546F820013A}.Debug|Any CPU.ActiveCfg = Debug|Any CPU
		{6C0F7C4E-5537-4732-9A73-4546F820013A}.Debug|Any CPU.Build.0 = Debug|Any CPU
		{6C0F7C4E-5537-4732-9A73-4546F820013A}.Debug|iPhone.ActiveCfg = Debug|Any CPU
		{6C0F7C4E-5537-4732-9A73-4546F820013A}.Debug|iPhone.Build.0 = Debug|Any CPU
		{6C0F7C4E-5537-4732-9A73-4546F820013A}.Debug|iPhoneSimulator.ActiveCfg = Debug|Any CPU
		{6C0F7C4E-5537-4732-9A73-4546F820013A}.Debug|iPhoneSimulator.Build.0 = Debug|Any CPU
		{6C0F7C4E-5537-4732-9A73-4546F820013A}.Release|Any CPU.ActiveCfg = Release|Any CPU
		{6C0F7C4E-5537-4732-9A73-4546F820013A}.Release|Any CPU.Build.0 = Release|Any CPU
		{6C0F7C4E-5537-4732-9A73-4546F820013A}.Release|iPhone.ActiveCfg = Release|Any CPU
		{6C0F7C4E-5537-4732-9A73-4546F820013A}.Release|iPhone.Build.0 = Release|Any CPU
		{6C0F7C4E-5537-4732-9A73-4546F820013A}.Release|iPhoneSimulator.ActiveCfg = Release|Any CPU
		{6C0F7C4E-5537-4732-9A73-4546F820013A}.Release|iPhoneSimulator.Build.0 = Release|Any CPU
		{D44E0817-46EE-40C3-9CBC-539A877461C0}.Ad-Hoc|Any CPU.ActiveCfg = Debug|Any CPU
		{D44E0817-46EE-40C3-9CBC-539A877461C0}.Ad-Hoc|Any CPU.Build.0 = Debug|Any CPU
		{D44E0817-46EE-40C3-9CBC-539A877461C0}.Ad-Hoc|iPhone.ActiveCfg = Debug|Any CPU
		{D44E0817-46EE-40C3-9CBC-539A877461C0}.Ad-Hoc|iPhone.Build.0 = Debug|Any CPU
		{D44E0817-46EE-40C3-9CBC-539A877461C0}.Ad-Hoc|iPhoneSimulator.ActiveCfg = Debug|Any CPU
		{D44E0817-46EE-40C3-9CBC-539A877461C0}.Ad-Hoc|iPhoneSimulator.Build.0 = Debug|Any CPU
		{D44E0817-46EE-40C3-9CBC-539A877461C0}.AppStore|Any CPU.ActiveCfg = Debug|Any CPU
		{D44E0817-46EE-40C3-9CBC-539A877461C0}.AppStore|Any CPU.Build.0 = Debug|Any CPU
		{D44E0817-46EE-40C3-9CBC-539A877461C0}.AppStore|iPhone.ActiveCfg = Debug|Any CPU
		{D44E0817-46EE-40C3-9CBC-539A877461C0}.AppStore|iPhone.Build.0 = Debug|Any CPU
		{D44E0817-46EE-40C3-9CBC-539A877461C0}.AppStore|iPhoneSimulator.ActiveCfg = Debug|Any CPU
		{D44E0817-46EE-40C3-9CBC-539A877461C0}.AppStore|iPhoneSimulator.Build.0 = Debug|Any CPU
		{D44E0817-46EE-40C3-9CBC-539A877461C0}.Debug|Any CPU.ActiveCfg = Debug|Any CPU
		{D44E0817-46EE-40C3-9CBC-539A877461C0}.Debug|Any CPU.Build.0 = Debug|Any CPU
		{D44E0817-46EE-40C3-9CBC-539A877461C0}.Debug|iPhone.ActiveCfg = Debug|Any CPU
		{D44E0817-46EE-40C3-9CBC-539A877461C0}.Debug|iPhone.Build.0 = Debug|Any CPU
		{D44E0817-46EE-40C3-9CBC-539A877461C0}.Debug|iPhoneSimulator.ActiveCfg = Debug|Any CPU
		{D44E0817-46EE-40C3-9CBC-539A877461C0}.Debug|iPhoneSimulator.Build.0 = Debug|Any CPU
		{D44E0817-46EE-40C3-9CBC-539A877461C0}.Release|Any CPU.ActiveCfg = Release|Any CPU
		{D44E0817-46EE-40C3-9CBC-539A877461C0}.Release|Any CPU.Build.0 = Release|Any CPU
		{D44E0817-46EE-40C3-9CBC-539A877461C0}.Release|iPhone.ActiveCfg = Release|Any CPU
		{D44E0817-46EE-40C3-9CBC-539A877461C0}.Release|iPhone.Build.0 = Release|Any CPU
		{D44E0817-46EE-40C3-9CBC-539A877461C0}.Release|iPhoneSimulator.ActiveCfg = Release|Any CPU
		{D44E0817-46EE-40C3-9CBC-539A877461C0}.Release|iPhoneSimulator.Build.0 = Release|Any CPU
		{24C12647-E12A-440A-B4C9-8EB7922EEAD5}.Ad-Hoc|Any CPU.ActiveCfg = Debug|Any CPU
		{24C12647-E12A-440A-B4C9-8EB7922EEAD5}.Ad-Hoc|Any CPU.Build.0 = Debug|Any CPU
		{24C12647-E12A-440A-B4C9-8EB7922EEAD5}.Ad-Hoc|iPhone.ActiveCfg = Debug|Any CPU
		{24C12647-E12A-440A-B4C9-8EB7922EEAD5}.Ad-Hoc|iPhone.Build.0 = Debug|Any CPU
		{24C12647-E12A-440A-B4C9-8EB7922EEAD5}.Ad-Hoc|iPhoneSimulator.ActiveCfg = Debug|Any CPU
		{24C12647-E12A-440A-B4C9-8EB7922EEAD5}.Ad-Hoc|iPhoneSimulator.Build.0 = Debug|Any CPU
		{24C12647-E12A-440A-B4C9-8EB7922EEAD5}.AppStore|Any CPU.ActiveCfg = Debug|Any CPU
		{24C12647-E12A-440A-B4C9-8EB7922EEAD5}.AppStore|Any CPU.Build.0 = Debug|Any CPU
		{24C12647-E12A-440A-B4C9-8EB7922EEAD5}.AppStore|iPhone.ActiveCfg = Debug|Any CPU
		{24C12647-E12A-440A-B4C9-8EB7922EEAD5}.AppStore|iPhone.Build.0 = Debug|Any CPU
		{24C12647-E12A-440A-B4C9-8EB7922EEAD5}.AppStore|iPhoneSimulator.ActiveCfg = Debug|Any CPU
		{24C12647-E12A-440A-B4C9-8EB7922EEAD5}.AppStore|iPhoneSimulator.Build.0 = Debug|Any CPU
		{24C12647-E12A-440A-B4C9-8EB7922EEAD5}.Debug|Any CPU.ActiveCfg = Debug|Any CPU
		{24C12647-E12A-440A-B4C9-8EB7922EEAD5}.Debug|Any CPU.Build.0 = Debug|Any CPU
		{24C12647-E12A-440A-B4C9-8EB7922EEAD5}.Debug|iPhone.ActiveCfg = Debug|Any CPU
		{24C12647-E12A-440A-B4C9-8EB7922EEAD5}.Debug|iPhone.Build.0 = Debug|Any CPU
		{24C12647-E12A-440A-B4C9-8EB7922EEAD5}.Debug|iPhoneSimulator.ActiveCfg = Debug|Any CPU
		{24C12647-E12A-440A-B4C9-8EB7922EEAD5}.Debug|iPhoneSimulator.Build.0 = Debug|Any CPU
		{24C12647-E12A-440A-B4C9-8EB7922EEAD5}.Release|Any CPU.ActiveCfg = Release|Any CPU
		{24C12647-E12A-440A-B4C9-8EB7922EEAD5}.Release|Any CPU.Build.0 = Release|Any CPU
		{24C12647-E12A-440A-B4C9-8EB7922EEAD5}.Release|iPhone.ActiveCfg = Release|Any CPU
		{24C12647-E12A-440A-B4C9-8EB7922EEAD5}.Release|iPhone.Build.0 = Release|Any CPU
		{24C12647-E12A-440A-B4C9-8EB7922EEAD5}.Release|iPhoneSimulator.ActiveCfg = Release|Any CPU
		{24C12647-E12A-440A-B4C9-8EB7922EEAD5}.Release|iPhoneSimulator.Build.0 = Release|Any CPU
		{D75C28D2-5D3F-4420-B836-D6C9F3ADA45E}.Ad-Hoc|Any CPU.ActiveCfg = Debug|Any CPU
		{D75C28D2-5D3F-4420-B836-D6C9F3ADA45E}.Ad-Hoc|Any CPU.Build.0 = Debug|Any CPU
		{D75C28D2-5D3F-4420-B836-D6C9F3ADA45E}.Ad-Hoc|iPhone.ActiveCfg = Debug|Any CPU
		{D75C28D2-5D3F-4420-B836-D6C9F3ADA45E}.Ad-Hoc|iPhone.Build.0 = Debug|Any CPU
		{D75C28D2-5D3F-4420-B836-D6C9F3ADA45E}.Ad-Hoc|iPhoneSimulator.ActiveCfg = Debug|Any CPU
		{D75C28D2-5D3F-4420-B836-D6C9F3ADA45E}.Ad-Hoc|iPhoneSimulator.Build.0 = Debug|Any CPU
		{D75C28D2-5D3F-4420-B836-D6C9F3ADA45E}.AppStore|Any CPU.ActiveCfg = Debug|Any CPU
		{D75C28D2-5D3F-4420-B836-D6C9F3ADA45E}.AppStore|Any CPU.Build.0 = Debug|Any CPU
		{D75C28D2-5D3F-4420-B836-D6C9F3ADA45E}.AppStore|iPhone.ActiveCfg = Debug|Any CPU
		{D75C28D2-5D3F-4420-B836-D6C9F3ADA45E}.AppStore|iPhone.Build.0 = Debug|Any CPU
		{D75C28D2-5D3F-4420-B836-D6C9F3ADA45E}.AppStore|iPhoneSimulator.ActiveCfg = Debug|Any CPU
		{D75C28D2-5D3F-4420-B836-D6C9F3ADA45E}.AppStore|iPhoneSimulator.Build.0 = Debug|Any CPU
		{D75C28D2-5D3F-4420-B836-D6C9F3ADA45E}.Debug|Any CPU.ActiveCfg = Debug|Any CPU
		{D75C28D2-5D3F-4420-B836-D6C9F3ADA45E}.Debug|Any CPU.Build.0 = Debug|Any CPU
		{D75C28D2-5D3F-4420-B836-D6C9F3ADA45E}.Debug|iPhone.ActiveCfg = Debug|Any CPU
		{D75C28D2-5D3F-4420-B836-D6C9F3ADA45E}.Debug|iPhone.Build.0 = Debug|Any CPU
		{D75C28D2-5D3F-4420-B836-D6C9F3ADA45E}.Debug|iPhoneSimulator.ActiveCfg = Debug|Any CPU
		{D75C28D2-5D3F-4420-B836-D6C9F3ADA45E}.Debug|iPhoneSimulator.Build.0 = Debug|Any CPU
		{D75C28D2-5D3F-4420-B836-D6C9F3ADA45E}.Release|Any CPU.ActiveCfg = Release|Any CPU
		{D75C28D2-5D3F-4420-B836-D6C9F3ADA45E}.Release|Any CPU.Build.0 = Release|Any CPU
		{D75C28D2-5D3F-4420-B836-D6C9F3ADA45E}.Release|iPhone.ActiveCfg = Release|Any CPU
		{D75C28D2-5D3F-4420-B836-D6C9F3ADA45E}.Release|iPhone.Build.0 = Release|Any CPU
		{D75C28D2-5D3F-4420-B836-D6C9F3ADA45E}.Release|iPhoneSimulator.ActiveCfg = Release|Any CPU
		{D75C28D2-5D3F-4420-B836-D6C9F3ADA45E}.Release|iPhoneSimulator.Build.0 = Release|Any CPU
	EndGlobalSection
	GlobalSection(SolutionProperties) = preSolution
		HideSolutionNode = FALSE
	EndGlobalSection
	GlobalSection(NestedProjects) = preSolution
		{5061A042-5EEE-4F19-9827-CBB8AC8666F6} = {4AFB0F25-7AEB-4FEA-854A-EDA241499EF0}
		{7EAC3AFA-BB03-49F7-AE33-1E61409E534B} = {750E39CA-CCBF-43D5-A7A5-AE30F9FE11CB}
		{E92D78B8-B723-45E4-8030-F8C86030D4D4} = {750E39CA-CCBF-43D5-A7A5-AE30F9FE11CB}
		{F5528CB8-9B5C-4BF5-B32C-CF069280F944} = {E92D78B8-B723-45E4-8030-F8C86030D4D4}
		{426E86C2-2F72-4E34-94CE-58BE2525AF83} = {F4E0A1C6-D90C-4927-83B1-0AC9D50FD34F}
		{2C4788CC-3476-46A8-9C6F-C3CB7AE72C5E} = {426E86C2-2F72-4E34-94CE-58BE2525AF83}
		{6C0F7C4E-5537-4732-9A73-4546F820013A} = {426E86C2-2F72-4E34-94CE-58BE2525AF83}
		{D44E0817-46EE-40C3-9CBC-539A877461C0} = {426E86C2-2F72-4E34-94CE-58BE2525AF83}
		{24C12647-E12A-440A-B4C9-8EB7922EEAD5} = {426E86C2-2F72-4E34-94CE-58BE2525AF83}
		{D75C28D2-5D3F-4420-B836-D6C9F3ADA45E} = {6EB40C80-306F-4ADD-9068-C8FFCE492082}
	EndGlobalSection
	GlobalSection(ExtensibilityGlobals) = postSolution
		SolutionGuid = {EE3D6389-1943-4B69-A546-7298A23FA98A}
	EndGlobalSection
EndGlobal
